// !$*UTF8*$!
{
	archiveVersion = 1;
	classes = {
	};
	objectVersion = 46;
	objects = {

/* Begin PBXBuildFile section */
		191788D41D783FBB00A00635 /* DatabaseClient.m in Sources */ = {isa = PBXBuildFile; fileRef = 191788D31D783FBB00A00635 /* DatabaseClient.m */; };
		191788D61D783FCC00A00635 /* AJCDatabase.sqlite in Resources */ = {isa = PBXBuildFile; fileRef = 191788D51D783FCC00A00635 /* AJCDatabase.sqlite */; };
		191788D81D783FF400A00635 /* libsqlite3.0.tbd in Frameworks */ = {isa = PBXBuildFile; fileRef = 191788D71D783FF400A00635 /* libsqlite3.0.tbd */; };
		192C32A11D703360002C25FD /* GIAPIClient.m in Sources */ = {isa = PBXBuildFile; fileRef = 192C32A01D703360002C25FD /* GIAPIClient.m */; };
		192C32A41D7037D6002C25FD /* HotelProfile.m in Sources */ = {isa = PBXBuildFile; fileRef = 192C32A31D7037D6002C25FD /* HotelProfile.m */; };
		192C32A81D703A43002C25FD /* HotelRating.m in Sources */ = {isa = PBXBuildFile; fileRef = 192C32A71D703A43002C25FD /* HotelRating.m */; };
		192C32AB1D703A53002C25FD /* HotelReview.m in Sources */ = {isa = PBXBuildFile; fileRef = 192C32AA1D703A53002C25FD /* HotelReview.m */; };
		192C32B01D70C7B6002C25FD /* HotelProfileViewViewController.m in Sources */ = {isa = PBXBuildFile; fileRef = 192C32AF1D70C7B6002C25FD /* HotelProfileViewViewController.m */; };
		192C32B51D70C959002C25FD /* HotelAccommodation.m in Sources */ = {isa = PBXBuildFile; fileRef = 192C32B41D70C959002C25FD /* HotelAccommodation.m */; };
		192C32BC1D719401002C25FD /* HotelProfileView.m in Sources */ = {isa = PBXBuildFile; fileRef = 192C32BB1D719401002C25FD /* HotelProfileView.m */; };
		19EB85931D7442EA004EAC7F /* MXParallaxHeader.m in Sources */ = {isa = PBXBuildFile; fileRef = 19EB858E1D7442EA004EAC7F /* MXParallaxHeader.m */; };
		19EB85941D7442EA004EAC7F /* MXScrollView.m in Sources */ = {isa = PBXBuildFile; fileRef = 19EB85901D7442EA004EAC7F /* MXScrollView.m */; };
		19EB85951D7442EA004EAC7F /* MXScrollViewController.m in Sources */ = {isa = PBXBuildFile; fileRef = 19EB85921D7442EA004EAC7F /* MXScrollViewController.m */; };
		19EB85971D7442FF004EAC7F /* LICENSE-MXParallaxHeader in Resources */ = {isa = PBXBuildFile; fileRef = 19EB85961D7442FF004EAC7F /* LICENSE-MXParallaxHeader */; };
		19EB859A1D74433D004EAC7F /* HotelProfileViewController.m in Sources */ = {isa = PBXBuildFile; fileRef = 19EB85991D74433D004EAC7F /* HotelProfileViewController.m */; };
		19ED94161D758690002F0A55 /* AJC_Campground.png in Resources */ = {isa = PBXBuildFile; fileRef = 19ED94141D758690002F0A55 /* AJC_Campground.png */; };
		19ED94171D758690002F0A55 /* AJC_Restaurant.png in Resources */ = {isa = PBXBuildFile; fileRef = 19ED94151D758690002F0A55 /* AJC_Restaurant.png */; };
		19ED941C1D758ABF002F0A55 /* StarshipHeader.xib in Resources */ = {isa = PBXBuildFile; fileRef = 19ED941A1D758ABF002F0A55 /* StarshipHeader.xib */; };
		19ED941E1D75904E002F0A55 /* restaurant.jpeg in Resources */ = {isa = PBXBuildFile; fileRef = 19ED941D1D75904E002F0A55 /* restaurant.jpeg */; };
		19FD82BE1D7D5AF1009A1149 /* TopBarView.m in Sources */ = {isa = PBXBuildFile; fileRef = 19FD82BD1D7D5AF1009A1149 /* TopBarView.m */; };
		F418841A1CAE7F21005F562F /* main.m in Sources */ = {isa = PBXBuildFile; fileRef = F41884191CAE7F21005F562F /* main.m */; };
		F418841D1CAE7F21005F562F /* AppDelegate.m in Sources */ = {isa = PBXBuildFile; fileRef = F418841C1CAE7F21005F562F /* AppDelegate.m */; };
		F41884201CAE7F21005F562F /* ViewController.m in Sources */ = {isa = PBXBuildFile; fileRef = F418841F1CAE7F21005F562F /* ViewController.m */; };
		F41884251CAE7F21005F562F /* Assets.xcassets in Resources */ = {isa = PBXBuildFile; fileRef = F41884241CAE7F21005F562F /* Assets.xcassets */; };
		F41884351CAE8097005F562F /* Default-568h@2x.png in Resources */ = {isa = PBXBuildFile; fileRef = F41884301CAE8097005F562F /* Default-568h@2x.png */; };
		F41884361CAE8097005F562F /* Default-667h@2x.png in Resources */ = {isa = PBXBuildFile; fileRef = F41884311CAE8097005F562F /* Default-667h@2x.png */; };
		F41884371CAE8097005F562F /* Default-736h@3x.png in Resources */ = {isa = PBXBuildFile; fileRef = F41884321CAE8097005F562F /* Default-736h@3x.png */; };
		F41884381CAE8097005F562F /* Default.png in Resources */ = {isa = PBXBuildFile; fileRef = F41884331CAE8097005F562F /* Default.png */; };
		F41884391CAE8098005F562F /* Default@2x.png in Resources */ = {isa = PBXBuildFile; fileRef = F41884341CAE8097005F562F /* Default@2x.png */; };
		F47A3BC41D27B87600DB2C7A /* POPAnimatableProperty.mm in Sources */ = {isa = PBXBuildFile; fileRef = F47A3B981D27B87600DB2C7A /* POPAnimatableProperty.mm */; };
		F47A3BC51D27B87600DB2C7A /* POPAnimation.mm in Sources */ = {isa = PBXBuildFile; fileRef = F47A3B9A1D27B87600DB2C7A /* POPAnimation.mm */; };
		F47A3BC61D27B87600DB2C7A /* POPAnimationEvent.mm in Sources */ = {isa = PBXBuildFile; fileRef = F47A3B9C1D27B87600DB2C7A /* POPAnimationEvent.mm */; };
		F47A3BC71D27B87600DB2C7A /* POPAnimationExtras.mm in Sources */ = {isa = PBXBuildFile; fileRef = F47A3B9F1D27B87600DB2C7A /* POPAnimationExtras.mm */; };
		F47A3BC81D27B87600DB2C7A /* POPAnimationRuntime.mm in Sources */ = {isa = PBXBuildFile; fileRef = F47A3BA31D27B87600DB2C7A /* POPAnimationRuntime.mm */; };
		F47A3BC91D27B87600DB2C7A /* POPAnimationTracer.mm in Sources */ = {isa = PBXBuildFile; fileRef = F47A3BA51D27B87600DB2C7A /* POPAnimationTracer.mm */; };
		F47A3BCA1D27B87600DB2C7A /* POPAnimator.mm in Sources */ = {isa = PBXBuildFile; fileRef = F47A3BA81D27B87600DB2C7A /* POPAnimator.mm */; };
		F47A3BCB1D27B87600DB2C7A /* POPBasicAnimation.mm in Sources */ = {isa = PBXBuildFile; fileRef = F47A3BAB1D27B87600DB2C7A /* POPBasicAnimation.mm */; };
		F47A3BCC1D27B87600DB2C7A /* POPCGUtils.mm in Sources */ = {isa = PBXBuildFile; fileRef = F47A3BAE1D27B87600DB2C7A /* POPCGUtils.mm */; };
		F47A3BCD1D27B87600DB2C7A /* POPCustomAnimation.mm in Sources */ = {isa = PBXBuildFile; fileRef = F47A3BB01D27B87600DB2C7A /* POPCustomAnimation.mm */; };
		F47A3BCE1D27B87600DB2C7A /* POPDecayAnimation.mm in Sources */ = {isa = PBXBuildFile; fileRef = F47A3BB21D27B87600DB2C7A /* POPDecayAnimation.mm */; };
		F47A3BCF1D27B87600DB2C7A /* POPGeometry.mm in Sources */ = {isa = PBXBuildFile; fileRef = F47A3BB61D27B87600DB2C7A /* POPGeometry.mm */; };
		F47A3BD01D27B87600DB2C7A /* POPLayerExtras.mm in Sources */ = {isa = PBXBuildFile; fileRef = F47A3BB81D27B87600DB2C7A /* POPLayerExtras.mm */; };
		F47A3BD11D27B87600DB2C7A /* POPMath.mm in Sources */ = {isa = PBXBuildFile; fileRef = F47A3BBA1D27B87600DB2C7A /* POPMath.mm */; };
		F47A3BD21D27B87600DB2C7A /* POPPropertyAnimation.mm in Sources */ = {isa = PBXBuildFile; fileRef = F47A3BBC1D27B87600DB2C7A /* POPPropertyAnimation.mm */; };
		F47A3BD31D27B87600DB2C7A /* POPSpringAnimation.mm in Sources */ = {isa = PBXBuildFile; fileRef = F47A3BBF1D27B87600DB2C7A /* POPSpringAnimation.mm */; };
		F47A3BD41D27B87600DB2C7A /* POPVector.mm in Sources */ = {isa = PBXBuildFile; fileRef = F47A3BC31D27B87600DB2C7A /* POPVector.mm */; };
		F47A3BD91D27B88100DB2C7A /* TransformationMatrix.cpp in Sources */ = {isa = PBXBuildFile; fileRef = F47A3BD61D27B88100DB2C7A /* TransformationMatrix.cpp */; };
		F47A3BDF1D27BDC500DB2C7A /* SSKeychain.m in Sources */ = {isa = PBXBuildFile; fileRef = F47A3BDC1D27BDC500DB2C7A /* SSKeychain.m */; };
		F47A3BE01D27BDC500DB2C7A /* SSKeychainQuery.m in Sources */ = {isa = PBXBuildFile; fileRef = F47A3BDE1D27BDC500DB2C7A /* SSKeychainQuery.m */; };
		F47A3BE21D27BDCE00DB2C7A /* LICENSE in Resources */ = {isa = PBXBuildFile; fileRef = F47A3BE11D27BDCE00DB2C7A /* LICENSE */; };
		F47A3BE61D27BE3F00DB2C7A /* UIScrollView+EmptyDataSet.m in Sources */ = {isa = PBXBuildFile; fileRef = F47A3BE51D27BE3F00DB2C7A /* UIScrollView+EmptyDataSet.m */; };
		F47A3BE81D27BE5700DB2C7A /* LICENSE_DZN in Resources */ = {isa = PBXBuildFile; fileRef = F47A3BE71D27BE5700DB2C7A /* LICENSE_DZN */; };
		F47A3BEC1D27BEB100DB2C7A /* TWMessageBarManager.m in Sources */ = {isa = PBXBuildFile; fileRef = F47A3BEB1D27BEB100DB2C7A /* TWMessageBarManager.m */; };
		F47A3BF31D27BEB700DB2C7A /* icon-error.png in Resources */ = {isa = PBXBuildFile; fileRef = F47A3BED1D27BEB700DB2C7A /* icon-error.png */; };
		F47A3BF41D27BEB700DB2C7A /* icon-error@2x.png in Resources */ = {isa = PBXBuildFile; fileRef = F47A3BEE1D27BEB700DB2C7A /* icon-error@2x.png */; };
		F47A3BF51D27BEB700DB2C7A /* icon-info.png in Resources */ = {isa = PBXBuildFile; fileRef = F47A3BEF1D27BEB700DB2C7A /* icon-info.png */; };
		F47A3BF61D27BEB700DB2C7A /* icon-info@2x.png in Resources */ = {isa = PBXBuildFile; fileRef = F47A3BF01D27BEB700DB2C7A /* icon-info@2x.png */; };
		F47A3BF71D27BEB700DB2C7A /* icon-success.png in Resources */ = {isa = PBXBuildFile; fileRef = F47A3BF11D27BEB700DB2C7A /* icon-success.png */; };
		F47A3BF81D27BEB700DB2C7A /* icon-success@2x.png in Resources */ = {isa = PBXBuildFile; fileRef = F47A3BF21D27BEB700DB2C7A /* icon-success@2x.png */; };
		F47A3BFA1D27BEBF00DB2C7A /* LICENSE-TWBarManager in Resources */ = {isa = PBXBuildFile; fileRef = F47A3BF91D27BEBF00DB2C7A /* LICENSE-TWBarManager */; };
		F47A3C1B1D27BF0B00DB2C7A /* NSDateFormatter+STTwitter.m in Sources */ = {isa = PBXBuildFile; fileRef = F47A3BFC1D27BF0B00DB2C7A /* NSDateFormatter+STTwitter.m */; };
		F47A3C1C1D27BF0B00DB2C7A /* NSError+STTwitter.m in Sources */ = {isa = PBXBuildFile; fileRef = F47A3BFE1D27BF0B00DB2C7A /* NSError+STTwitter.m */; };
		F47A3C1D1D27BF0B00DB2C7A /* NSString+STTwitter.m in Sources */ = {isa = PBXBuildFile; fileRef = F47A3C001D27BF0B00DB2C7A /* NSString+STTwitter.m */; };
		F47A3C1E1D27BF0B00DB2C7A /* STHTTPRequest+STTwitter.m in Sources */ = {isa = PBXBuildFile; fileRef = F47A3C021D27BF0B00DB2C7A /* STHTTPRequest+STTwitter.m */; };
		F47A3C1F1D27BF0B00DB2C7A /* STTwitterAPI.m in Sources */ = {isa = PBXBuildFile; fileRef = F47A3C051D27BF0B00DB2C7A /* STTwitterAPI.m */; };
		F47A3C201D27BF0B00DB2C7A /* STTwitterAppOnly.m in Sources */ = {isa = PBXBuildFile; fileRef = F47A3C071D27BF0B00DB2C7A /* STTwitterAppOnly.m */; };
		F47A3C211D27BF0B00DB2C7A /* STTwitterHTML.m in Sources */ = {isa = PBXBuildFile; fileRef = F47A3C091D27BF0B00DB2C7A /* STTwitterHTML.m */; };
		F47A3C221D27BF0B00DB2C7A /* STTwitterOAuth.m in Sources */ = {isa = PBXBuildFile; fileRef = F47A3C0B1D27BF0B00DB2C7A /* STTwitterOAuth.m */; };
		F47A3C231D27BF0B00DB2C7A /* STTwitterOS.m in Sources */ = {isa = PBXBuildFile; fileRef = F47A3C0D1D27BF0B00DB2C7A /* STTwitterOS.m */; };
		F47A3C241D27BF0B00DB2C7A /* STTwitterOSRequest.m in Sources */ = {isa = PBXBuildFile; fileRef = F47A3C0F1D27BF0B00DB2C7A /* STTwitterOSRequest.m */; };
		F47A3C251D27BF0B00DB2C7A /* STTwitterStreamParser.m in Sources */ = {isa = PBXBuildFile; fileRef = F47A3C131D27BF0B00DB2C7A /* STTwitterStreamParser.m */; };
		F47A3C261D27BF0B00DB2C7A /* BAVPlistNode.m in Sources */ = {isa = PBXBuildFile; fileRef = F47A3C161D27BF0B00DB2C7A /* BAVPlistNode.m */; };
		F47A3C271D27BF0B00DB2C7A /* JSONSyntaxHighlight.m in Sources */ = {isa = PBXBuildFile; fileRef = F47A3C181D27BF0B00DB2C7A /* JSONSyntaxHighlight.m */; };
		F47A3C281D27BF0B00DB2C7A /* STHTTPRequest.m in Sources */ = {isa = PBXBuildFile; fileRef = F47A3C1A1D27BF0B00DB2C7A /* STHTTPRequest.m */; };
		F47A3C2A1D27BF1500DB2C7A /* LICENCE.txt in Resources */ = {isa = PBXBuildFile; fileRef = F47A3C291D27BF1500DB2C7A /* LICENCE.txt */; };
		F4AAD8501D589DE100442221 /* DashBoardViewController.m in Sources */ = {isa = PBXBuildFile; fileRef = F4AAD84F1D589DE100442221 /* DashBoardViewController.m */; };
		F4AAD8541D589EA700442221 /* AJCDashboardView.m in Sources */ = {isa = PBXBuildFile; fileRef = F4AAD8531D589EA700442221 /* AJCDashboardView.m */; };
		F4AAD8571D59BC3600442221 /* AJCWeatherView.m in Sources */ = {isa = PBXBuildFile; fileRef = F4AAD8561D59BC3600442221 /* AJCWeatherView.m */; };
		F4B708881D4883C9006D7B86 /* EmptyScreenViewController.m in Sources */ = {isa = PBXBuildFile; fileRef = F4B708871D4883C9006D7B86 /* EmptyScreenViewController.m */; };
		F4DFFDC21D4B45EC00DB6244 /* AFHTTPSessionManager.m in Sources */ = {isa = PBXBuildFile; fileRef = F4DFFDB61D4B45EC00DB6244 /* AFHTTPSessionManager.m */; };
		F4DFFDC31D4B45EC00DB6244 /* AFNetworkReachabilityManager.m in Sources */ = {isa = PBXBuildFile; fileRef = F4DFFDB91D4B45EC00DB6244 /* AFNetworkReachabilityManager.m */; };
		F4DFFDC41D4B45EC00DB6244 /* AFSecurityPolicy.m in Sources */ = {isa = PBXBuildFile; fileRef = F4DFFDBB1D4B45EC00DB6244 /* AFSecurityPolicy.m */; };
		F4DFFDC51D4B45EC00DB6244 /* AFURLRequestSerialization.m in Sources */ = {isa = PBXBuildFile; fileRef = F4DFFDBD1D4B45EC00DB6244 /* AFURLRequestSerialization.m */; };
		F4DFFDC61D4B45EC00DB6244 /* AFURLResponseSerialization.m in Sources */ = {isa = PBXBuildFile; fileRef = F4DFFDBF1D4B45EC00DB6244 /* AFURLResponseSerialization.m */; };
		F4DFFDC71D4B45EC00DB6244 /* AFURLSessionManager.m in Sources */ = {isa = PBXBuildFile; fileRef = F4DFFDC11D4B45EC00DB6244 /* AFURLSessionManager.m */; };
		F4DFFDDD1D4B461B00DB6244 /* AFAutoPurgingImageCache.m in Sources */ = {isa = PBXBuildFile; fileRef = F4DFFDCA1D4B461B00DB6244 /* AFAutoPurgingImageCache.m */; };
		F4DFFDDE1D4B461B00DB6244 /* AFImageDownloader.m in Sources */ = {isa = PBXBuildFile; fileRef = F4DFFDCC1D4B461B00DB6244 /* AFImageDownloader.m */; };
		F4DFFDDF1D4B461B00DB6244 /* AFNetworkActivityIndicatorManager.m in Sources */ = {isa = PBXBuildFile; fileRef = F4DFFDCE1D4B461B00DB6244 /* AFNetworkActivityIndicatorManager.m */; };
		F4DFFDE01D4B461B00DB6244 /* UIActivityIndicatorView+AFNetworking.m in Sources */ = {isa = PBXBuildFile; fileRef = F4DFFDD01D4B461B00DB6244 /* UIActivityIndicatorView+AFNetworking.m */; };
		F4DFFDE11D4B461B00DB6244 /* UIButton+AFNetworking.m in Sources */ = {isa = PBXBuildFile; fileRef = F4DFFDD21D4B461B00DB6244 /* UIButton+AFNetworking.m */; };
		F4DFFDE21D4B461B00DB6244 /* UIImageView+AFNetworking.m in Sources */ = {isa = PBXBuildFile; fileRef = F4DFFDD51D4B461B00DB6244 /* UIImageView+AFNetworking.m */; };
		F4DFFDE31D4B461B00DB6244 /* UIProgressView+AFNetworking.m in Sources */ = {isa = PBXBuildFile; fileRef = F4DFFDD81D4B461B00DB6244 /* UIProgressView+AFNetworking.m */; };
		F4DFFDE41D4B461B00DB6244 /* UIRefreshControl+AFNetworking.m in Sources */ = {isa = PBXBuildFile; fileRef = F4DFFDDA1D4B461B00DB6244 /* UIRefreshControl+AFNetworking.m */; };
		F4DFFDE51D4B461B00DB6244 /* UIWebView+AFNetworking.m in Sources */ = {isa = PBXBuildFile; fileRef = F4DFFDDC1D4B461B00DB6244 /* UIWebView+AFNetworking.m */; };
		F4DFFDE71D4B463F00DB6244 /* LICENSE_AFNetworking in Resources */ = {isa = PBXBuildFile; fileRef = F4DFFDE61D4B463F00DB6244 /* LICENSE_AFNetworking */; };
		F4DFFDEA1D4B531100DB6244 /* BookingViewController.m in Sources */ = {isa = PBXBuildFile; fileRef = F4DFFDE91D4B531100DB6244 /* BookingViewController.m */; };
		F4E5000C1D59E82A00735517 /* Storm@2x.png in Resources */ = {isa = PBXBuildFile; fileRef = F4E5000B1D59E82900735517 /* Storm@2x.png */; };
		F4E5000E1D59EB0A00735517 /* Storm1@2x.png in Resources */ = {isa = PBXBuildFile; fileRef = F4E5000D1D59EB0A00735517 /* Storm1@2x.png */; };
		F4E500101D59EC0700735517 /* Storm2@2x.png in Resources */ = {isa = PBXBuildFile; fileRef = F4E5000F1D59EC0700735517 /* Storm2@2x.png */; };
		F4E500121D59EC6700735517 /* Storm3@2x.png in Resources */ = {isa = PBXBuildFile; fileRef = F4E500111D59EC6700735517 /* Storm3@2x.png */; };
		F4E500141D59EF9D00735517 /* Sun@2x.png in Resources */ = {isa = PBXBuildFile; fileRef = F4E500131D59EF9D00735517 /* Sun@2x.png */; };
/* End PBXBuildFile section */

/* Begin PBXFileReference section */
		191788D21D783FBB00A00635 /* DatabaseClient.h */ = {isa = PBXFileReference; fileEncoding = 4; lastKnownFileType = sourcecode.c.h; path = DatabaseClient.h; sourceTree = "<group>"; };
		191788D31D783FBB00A00635 /* DatabaseClient.m */ = {isa = PBXFileReference; fileEncoding = 4; lastKnownFileType = sourcecode.c.objc; path = DatabaseClient.m; sourceTree = "<group>"; };
		191788D51D783FCC00A00635 /* AJCDatabase.sqlite */ = {isa = PBXFileReference; lastKnownFileType = file; path = AJCDatabase.sqlite; sourceTree = "<group>"; };
		191788D71D783FF400A00635 /* libsqlite3.0.tbd */ = {isa = PBXFileReference; lastKnownFileType = "sourcecode.text-based-dylib-definition"; name = libsqlite3.0.tbd; path = usr/lib/libsqlite3.0.tbd; sourceTree = SDKROOT; };
		192C329F1D703360002C25FD /* GIAPIClient.h */ = {isa = PBXFileReference; fileEncoding = 4; lastKnownFileType = sourcecode.c.h; path = GIAPIClient.h; sourceTree = "<group>"; };
		192C32A01D703360002C25FD /* GIAPIClient.m */ = {isa = PBXFileReference; fileEncoding = 4; lastKnownFileType = sourcecode.c.objc; path = GIAPIClient.m; sourceTree = "<group>"; };
		192C32A21D7037D6002C25FD /* HotelProfile.h */ = {isa = PBXFileReference; fileEncoding = 4; lastKnownFileType = sourcecode.c.h; path = HotelProfile.h; sourceTree = "<group>"; };
		192C32A31D7037D6002C25FD /* HotelProfile.m */ = {isa = PBXFileReference; fileEncoding = 4; lastKnownFileType = sourcecode.c.objc; path = HotelProfile.m; sourceTree = "<group>"; };
		192C32A61D703A43002C25FD /* HotelRating.h */ = {isa = PBXFileReference; fileEncoding = 4; lastKnownFileType = sourcecode.c.h; path = HotelRating.h; sourceTree = "<group>"; };
		192C32A71D703A43002C25FD /* HotelRating.m */ = {isa = PBXFileReference; fileEncoding = 4; lastKnownFileType = sourcecode.c.objc; path = HotelRating.m; sourceTree = "<group>"; };
		192C32A91D703A53002C25FD /* HotelReview.h */ = {isa = PBXFileReference; fileEncoding = 4; lastKnownFileType = sourcecode.c.h; path = HotelReview.h; sourceTree = "<group>"; };
		192C32AA1D703A53002C25FD /* HotelReview.m */ = {isa = PBXFileReference; fileEncoding = 4; lastKnownFileType = sourcecode.c.objc; path = HotelReview.m; sourceTree = "<group>"; };
		192C32AE1D70C7B6002C25FD /* HotelProfileViewViewController.h */ = {isa = PBXFileReference; fileEncoding = 4; lastKnownFileType = sourcecode.c.h; path = HotelProfileViewViewController.h; sourceTree = "<group>"; };
		192C32AF1D70C7B6002C25FD /* HotelProfileViewViewController.m */ = {isa = PBXFileReference; fileEncoding = 4; lastKnownFileType = sourcecode.c.objc; path = HotelProfileViewViewController.m; sourceTree = "<group>"; };
		192C32B31D70C959002C25FD /* HotelAccommodation.h */ = {isa = PBXFileReference; fileEncoding = 4; lastKnownFileType = sourcecode.c.h; path = HotelAccommodation.h; sourceTree = "<group>"; };
		192C32B41D70C959002C25FD /* HotelAccommodation.m */ = {isa = PBXFileReference; fileEncoding = 4; lastKnownFileType = sourcecode.c.objc; path = HotelAccommodation.m; sourceTree = "<group>"; };
		192C32BA1D719401002C25FD /* HotelProfileView.h */ = {isa = PBXFileReference; fileEncoding = 4; lastKnownFileType = sourcecode.c.h; path = HotelProfileView.h; sourceTree = "<group>"; };
		192C32BB1D719401002C25FD /* HotelProfileView.m */ = {isa = PBXFileReference; fileEncoding = 4; lastKnownFileType = sourcecode.c.objc; path = HotelProfileView.m; sourceTree = "<group>"; };
		19EB858D1D7442EA004EAC7F /* MXParallaxHeader.h */ = {isa = PBXFileReference; fileEncoding = 4; lastKnownFileType = sourcecode.c.h; path = MXParallaxHeader.h; sourceTree = "<group>"; };
		19EB858E1D7442EA004EAC7F /* MXParallaxHeader.m */ = {isa = PBXFileReference; fileEncoding = 4; lastKnownFileType = sourcecode.c.objc; path = MXParallaxHeader.m; sourceTree = "<group>"; };
		19EB858F1D7442EA004EAC7F /* MXScrollView.h */ = {isa = PBXFileReference; fileEncoding = 4; lastKnownFileType = sourcecode.c.h; path = MXScrollView.h; sourceTree = "<group>"; };
		19EB85901D7442EA004EAC7F /* MXScrollView.m */ = {isa = PBXFileReference; fileEncoding = 4; lastKnownFileType = sourcecode.c.objc; path = MXScrollView.m; sourceTree = "<group>"; };
		19EB85911D7442EA004EAC7F /* MXScrollViewController.h */ = {isa = PBXFileReference; fileEncoding = 4; lastKnownFileType = sourcecode.c.h; path = MXScrollViewController.h; sourceTree = "<group>"; };
		19EB85921D7442EA004EAC7F /* MXScrollViewController.m */ = {isa = PBXFileReference; fileEncoding = 4; lastKnownFileType = sourcecode.c.objc; path = MXScrollViewController.m; sourceTree = "<group>"; };
		19EB85961D7442FF004EAC7F /* LICENSE-MXParallaxHeader */ = {isa = PBXFileReference; fileEncoding = 4; lastKnownFileType = text; path = "LICENSE-MXParallaxHeader"; sourceTree = "<group>"; };
		19EB85981D74433D004EAC7F /* HotelProfileViewController.h */ = {isa = PBXFileReference; fileEncoding = 4; lastKnownFileType = sourcecode.c.h; path = HotelProfileViewController.h; sourceTree = "<group>"; };
		19EB85991D74433D004EAC7F /* HotelProfileViewController.m */ = {isa = PBXFileReference; fileEncoding = 4; lastKnownFileType = sourcecode.c.objc; path = HotelProfileViewController.m; sourceTree = "<group>"; };
		19ED94141D758690002F0A55 /* AJC_Campground.png */ = {isa = PBXFileReference; lastKnownFileType = image.png; path = AJC_Campground.png; sourceTree = "<group>"; };
		19ED94151D758690002F0A55 /* AJC_Restaurant.png */ = {isa = PBXFileReference; lastKnownFileType = image.png; path = AJC_Restaurant.png; sourceTree = "<group>"; };
		19ED941A1D758ABF002F0A55 /* StarshipHeader.xib */ = {isa = PBXFileReference; fileEncoding = 4; lastKnownFileType = file.xib; path = StarshipHeader.xib; sourceTree = "<group>"; };
		19ED941D1D75904E002F0A55 /* restaurant.jpeg */ = {isa = PBXFileReference; lastKnownFileType = image.jpeg; path = restaurant.jpeg; sourceTree = "<group>"; };
		19FD82BC1D7D5AF0009A1149 /* TopBarView.h */ = {isa = PBXFileReference; fileEncoding = 4; lastKnownFileType = sourcecode.c.h; path = TopBarView.h; sourceTree = "<group>"; };
		19FD82BD1D7D5AF1009A1149 /* TopBarView.m */ = {isa = PBXFileReference; fileEncoding = 4; lastKnownFileType = sourcecode.c.objc; path = TopBarView.m; sourceTree = "<group>"; };
		F41884151CAE7F21005F562F /* Boilerplate.app */ = {isa = PBXFileReference; explicitFileType = wrapper.application; includeInIndex = 0; path = Boilerplate.app; sourceTree = BUILT_PRODUCTS_DIR; };
		F41884191CAE7F21005F562F /* main.m */ = {isa = PBXFileReference; lastKnownFileType = sourcecode.c.objc; path = main.m; sourceTree = "<group>"; };
		F418841B1CAE7F21005F562F /* AppDelegate.h */ = {isa = PBXFileReference; lastKnownFileType = sourcecode.c.h; path = AppDelegate.h; sourceTree = "<group>"; };
		F418841C1CAE7F21005F562F /* AppDelegate.m */ = {isa = PBXFileReference; lastKnownFileType = sourcecode.c.objc; path = AppDelegate.m; sourceTree = "<group>"; };
		F418841E1CAE7F21005F562F /* ViewController.h */ = {isa = PBXFileReference; lastKnownFileType = sourcecode.c.h; path = ViewController.h; sourceTree = "<group>"; };
		F418841F1CAE7F21005F562F /* ViewController.m */ = {isa = PBXFileReference; lastKnownFileType = sourcecode.c.objc; path = ViewController.m; sourceTree = "<group>"; };
		F41884241CAE7F21005F562F /* Assets.xcassets */ = {isa = PBXFileReference; lastKnownFileType = folder.assetcatalog; path = Assets.xcassets; sourceTree = "<group>"; };
		F41884291CAE7F21005F562F /* Info.plist */ = {isa = PBXFileReference; lastKnownFileType = text.plist.xml; path = Info.plist; sourceTree = "<group>"; };
		F41884301CAE8097005F562F /* Default-568h@2x.png */ = {isa = PBXFileReference; lastKnownFileType = image.png; path = "Default-568h@2x.png"; sourceTree = "<group>"; };
		F41884311CAE8097005F562F /* Default-667h@2x.png */ = {isa = PBXFileReference; lastKnownFileType = image.png; path = "Default-667h@2x.png"; sourceTree = "<group>"; };
		F41884321CAE8097005F562F /* Default-736h@3x.png */ = {isa = PBXFileReference; lastKnownFileType = image.png; path = "Default-736h@3x.png"; sourceTree = "<group>"; };
		F41884331CAE8097005F562F /* Default.png */ = {isa = PBXFileReference; lastKnownFileType = image.png; path = Default.png; sourceTree = "<group>"; };
		F41884341CAE8097005F562F /* Default@2x.png */ = {isa = PBXFileReference; lastKnownFileType = image.png; path = "Default@2x.png"; sourceTree = "<group>"; };
		F47A3B951D27B87600DB2C7A /* POP.h */ = {isa = PBXFileReference; fileEncoding = 4; lastKnownFileType = sourcecode.c.h; lineEnding = 0; path = POP.h; sourceTree = "<group>"; xcLanguageSpecificationIdentifier = xcode.lang.objcpp; };
		F47A3B961D27B87600DB2C7A /* POPAction.h */ = {isa = PBXFileReference; fileEncoding = 4; lastKnownFileType = sourcecode.c.h; path = POPAction.h; sourceTree = "<group>"; };
		F47A3B971D27B87600DB2C7A /* POPAnimatableProperty.h */ = {isa = PBXFileReference; fileEncoding = 4; lastKnownFileType = sourcecode.c.h; path = POPAnimatableProperty.h; sourceTree = "<group>"; };
		F47A3B981D27B87600DB2C7A /* POPAnimatableProperty.mm */ = {isa = PBXFileReference; fileEncoding = 4; lastKnownFileType = sourcecode.cpp.objcpp; path = POPAnimatableProperty.mm; sourceTree = "<group>"; };
		F47A3B991D27B87600DB2C7A /* POPAnimation.h */ = {isa = PBXFileReference; fileEncoding = 4; lastKnownFileType = sourcecode.c.h; path = POPAnimation.h; sourceTree = "<group>"; };
		F47A3B9A1D27B87600DB2C7A /* POPAnimation.mm */ = {isa = PBXFileReference; fileEncoding = 4; lastKnownFileType = sourcecode.cpp.objcpp; path = POPAnimation.mm; sourceTree = "<group>"; };
		F47A3B9B1D27B87600DB2C7A /* POPAnimationEvent.h */ = {isa = PBXFileReference; fileEncoding = 4; lastKnownFileType = sourcecode.c.h; path = POPAnimationEvent.h; sourceTree = "<group>"; };
		F47A3B9C1D27B87600DB2C7A /* POPAnimationEvent.mm */ = {isa = PBXFileReference; fileEncoding = 4; lastKnownFileType = sourcecode.cpp.objcpp; path = POPAnimationEvent.mm; sourceTree = "<group>"; };
		F47A3B9D1D27B87600DB2C7A /* POPAnimationEventInternal.h */ = {isa = PBXFileReference; fileEncoding = 4; lastKnownFileType = sourcecode.c.h; path = POPAnimationEventInternal.h; sourceTree = "<group>"; };
		F47A3B9E1D27B87600DB2C7A /* POPAnimationExtras.h */ = {isa = PBXFileReference; fileEncoding = 4; lastKnownFileType = sourcecode.c.h; lineEnding = 0; path = POPAnimationExtras.h; sourceTree = "<group>"; xcLanguageSpecificationIdentifier = xcode.lang.objcpp; };
		F47A3B9F1D27B87600DB2C7A /* POPAnimationExtras.mm */ = {isa = PBXFileReference; fileEncoding = 4; lastKnownFileType = sourcecode.cpp.objcpp; path = POPAnimationExtras.mm; sourceTree = "<group>"; };
		F47A3BA01D27B87600DB2C7A /* POPAnimationInternal.h */ = {isa = PBXFileReference; fileEncoding = 4; lastKnownFileType = sourcecode.c.h; path = POPAnimationInternal.h; sourceTree = "<group>"; };
		F47A3BA11D27B87600DB2C7A /* POPAnimationPrivate.h */ = {isa = PBXFileReference; fileEncoding = 4; lastKnownFileType = sourcecode.c.h; path = POPAnimationPrivate.h; sourceTree = "<group>"; };
		F47A3BA21D27B87600DB2C7A /* POPAnimationRuntime.h */ = {isa = PBXFileReference; fileEncoding = 4; lastKnownFileType = sourcecode.c.h; path = POPAnimationRuntime.h; sourceTree = "<group>"; };
		F47A3BA31D27B87600DB2C7A /* POPAnimationRuntime.mm */ = {isa = PBXFileReference; fileEncoding = 4; lastKnownFileType = sourcecode.cpp.objcpp; path = POPAnimationRuntime.mm; sourceTree = "<group>"; };
		F47A3BA41D27B87600DB2C7A /* POPAnimationTracer.h */ = {isa = PBXFileReference; fileEncoding = 4; lastKnownFileType = sourcecode.c.h; path = POPAnimationTracer.h; sourceTree = "<group>"; };
		F47A3BA51D27B87600DB2C7A /* POPAnimationTracer.mm */ = {isa = PBXFileReference; fileEncoding = 4; lastKnownFileType = sourcecode.cpp.objcpp; path = POPAnimationTracer.mm; sourceTree = "<group>"; };
		F47A3BA61D27B87600DB2C7A /* POPAnimationTracerInternal.h */ = {isa = PBXFileReference; fileEncoding = 4; lastKnownFileType = sourcecode.c.h; path = POPAnimationTracerInternal.h; sourceTree = "<group>"; };
		F47A3BA71D27B87600DB2C7A /* POPAnimator.h */ = {isa = PBXFileReference; fileEncoding = 4; lastKnownFileType = sourcecode.c.h; path = POPAnimator.h; sourceTree = "<group>"; };
		F47A3BA81D27B87600DB2C7A /* POPAnimator.mm */ = {isa = PBXFileReference; fileEncoding = 4; lastKnownFileType = sourcecode.cpp.objcpp; path = POPAnimator.mm; sourceTree = "<group>"; };
		F47A3BA91D27B87600DB2C7A /* POPAnimatorPrivate.h */ = {isa = PBXFileReference; fileEncoding = 4; lastKnownFileType = sourcecode.c.h; path = POPAnimatorPrivate.h; sourceTree = "<group>"; };
		F47A3BAA1D27B87600DB2C7A /* POPBasicAnimation.h */ = {isa = PBXFileReference; fileEncoding = 4; lastKnownFileType = sourcecode.c.h; path = POPBasicAnimation.h; sourceTree = "<group>"; };
		F47A3BAB1D27B87600DB2C7A /* POPBasicAnimation.mm */ = {isa = PBXFileReference; fileEncoding = 4; lastKnownFileType = sourcecode.cpp.objcpp; path = POPBasicAnimation.mm; sourceTree = "<group>"; };
		F47A3BAC1D27B87600DB2C7A /* POPBasicAnimationInternal.h */ = {isa = PBXFileReference; fileEncoding = 4; lastKnownFileType = sourcecode.c.h; path = POPBasicAnimationInternal.h; sourceTree = "<group>"; };
		F47A3BAD1D27B87600DB2C7A /* POPCGUtils.h */ = {isa = PBXFileReference; fileEncoding = 4; lastKnownFileType = sourcecode.c.h; path = POPCGUtils.h; sourceTree = "<group>"; };
		F47A3BAE1D27B87600DB2C7A /* POPCGUtils.mm */ = {isa = PBXFileReference; fileEncoding = 4; lastKnownFileType = sourcecode.cpp.objcpp; path = POPCGUtils.mm; sourceTree = "<group>"; };
		F47A3BAF1D27B87600DB2C7A /* POPCustomAnimation.h */ = {isa = PBXFileReference; fileEncoding = 4; lastKnownFileType = sourcecode.c.h; path = POPCustomAnimation.h; sourceTree = "<group>"; };
		F47A3BB01D27B87600DB2C7A /* POPCustomAnimation.mm */ = {isa = PBXFileReference; fileEncoding = 4; lastKnownFileType = sourcecode.cpp.objcpp; path = POPCustomAnimation.mm; sourceTree = "<group>"; };
		F47A3BB11D27B87600DB2C7A /* POPDecayAnimation.h */ = {isa = PBXFileReference; fileEncoding = 4; lastKnownFileType = sourcecode.c.h; path = POPDecayAnimation.h; sourceTree = "<group>"; };
		F47A3BB21D27B87600DB2C7A /* POPDecayAnimation.mm */ = {isa = PBXFileReference; fileEncoding = 4; lastKnownFileType = sourcecode.cpp.objcpp; path = POPDecayAnimation.mm; sourceTree = "<group>"; };
		F47A3BB31D27B87600DB2C7A /* POPDecayAnimationInternal.h */ = {isa = PBXFileReference; fileEncoding = 4; lastKnownFileType = sourcecode.c.h; path = POPDecayAnimationInternal.h; sourceTree = "<group>"; };
		F47A3BB41D27B87600DB2C7A /* POPDefines.h */ = {isa = PBXFileReference; fileEncoding = 4; lastKnownFileType = sourcecode.c.h; path = POPDefines.h; sourceTree = "<group>"; };
		F47A3BB51D27B87600DB2C7A /* POPGeometry.h */ = {isa = PBXFileReference; fileEncoding = 4; lastKnownFileType = sourcecode.c.h; path = POPGeometry.h; sourceTree = "<group>"; };
		F47A3BB61D27B87600DB2C7A /* POPGeometry.mm */ = {isa = PBXFileReference; fileEncoding = 4; lastKnownFileType = sourcecode.cpp.objcpp; path = POPGeometry.mm; sourceTree = "<group>"; };
		F47A3BB71D27B87600DB2C7A /* POPLayerExtras.h */ = {isa = PBXFileReference; fileEncoding = 4; lastKnownFileType = sourcecode.c.h; path = POPLayerExtras.h; sourceTree = "<group>"; };
		F47A3BB81D27B87600DB2C7A /* POPLayerExtras.mm */ = {isa = PBXFileReference; fileEncoding = 4; lastKnownFileType = sourcecode.cpp.objcpp; path = POPLayerExtras.mm; sourceTree = "<group>"; };
		F47A3BB91D27B87600DB2C7A /* POPMath.h */ = {isa = PBXFileReference; fileEncoding = 4; lastKnownFileType = sourcecode.c.h; path = POPMath.h; sourceTree = "<group>"; };
		F47A3BBA1D27B87600DB2C7A /* POPMath.mm */ = {isa = PBXFileReference; fileEncoding = 4; lastKnownFileType = sourcecode.cpp.objcpp; path = POPMath.mm; sourceTree = "<group>"; };
		F47A3BBB1D27B87600DB2C7A /* POPPropertyAnimation.h */ = {isa = PBXFileReference; fileEncoding = 4; lastKnownFileType = sourcecode.c.h; path = POPPropertyAnimation.h; sourceTree = "<group>"; };
		F47A3BBC1D27B87600DB2C7A /* POPPropertyAnimation.mm */ = {isa = PBXFileReference; fileEncoding = 4; lastKnownFileType = sourcecode.cpp.objcpp; path = POPPropertyAnimation.mm; sourceTree = "<group>"; };
		F47A3BBD1D27B87600DB2C7A /* POPPropertyAnimationInternal.h */ = {isa = PBXFileReference; fileEncoding = 4; lastKnownFileType = sourcecode.c.h; path = POPPropertyAnimationInternal.h; sourceTree = "<group>"; };
		F47A3BBE1D27B87600DB2C7A /* POPSpringAnimation.h */ = {isa = PBXFileReference; fileEncoding = 4; lastKnownFileType = sourcecode.c.h; path = POPSpringAnimation.h; sourceTree = "<group>"; };
		F47A3BBF1D27B87600DB2C7A /* POPSpringAnimation.mm */ = {isa = PBXFileReference; fileEncoding = 4; lastKnownFileType = sourcecode.cpp.objcpp; path = POPSpringAnimation.mm; sourceTree = "<group>"; };
		F47A3BC01D27B87600DB2C7A /* POPSpringAnimationInternal.h */ = {isa = PBXFileReference; fileEncoding = 4; lastKnownFileType = sourcecode.c.h; path = POPSpringAnimationInternal.h; sourceTree = "<group>"; };
		F47A3BC11D27B87600DB2C7A /* POPSpringSolver.h */ = {isa = PBXFileReference; fileEncoding = 4; lastKnownFileType = sourcecode.c.h; path = POPSpringSolver.h; sourceTree = "<group>"; };
		F47A3BC21D27B87600DB2C7A /* POPVector.h */ = {isa = PBXFileReference; fileEncoding = 4; lastKnownFileType = sourcecode.c.h; path = POPVector.h; sourceTree = "<group>"; };
		F47A3BC31D27B87600DB2C7A /* POPVector.mm */ = {isa = PBXFileReference; fileEncoding = 4; lastKnownFileType = sourcecode.cpp.objcpp; path = POPVector.mm; sourceTree = "<group>"; };
		F47A3BD51D27B88100DB2C7A /* FloatConversion.h */ = {isa = PBXFileReference; fileEncoding = 4; lastKnownFileType = sourcecode.c.h; path = FloatConversion.h; sourceTree = "<group>"; };
		F47A3BD61D27B88100DB2C7A /* TransformationMatrix.cpp */ = {isa = PBXFileReference; fileEncoding = 4; lastKnownFileType = sourcecode.cpp.cpp; path = TransformationMatrix.cpp; sourceTree = "<group>"; };
		F47A3BD71D27B88100DB2C7A /* TransformationMatrix.h */ = {isa = PBXFileReference; fileEncoding = 4; lastKnownFileType = sourcecode.c.h; path = TransformationMatrix.h; sourceTree = "<group>"; };
		F47A3BD81D27B88100DB2C7A /* UnitBezier.h */ = {isa = PBXFileReference; fileEncoding = 4; lastKnownFileType = sourcecode.c.h; path = UnitBezier.h; sourceTree = "<group>"; };
		F47A3BDB1D27BDC500DB2C7A /* SSKeychain.h */ = {isa = PBXFileReference; fileEncoding = 4; lastKnownFileType = sourcecode.c.h; path = SSKeychain.h; sourceTree = "<group>"; };
		F47A3BDC1D27BDC500DB2C7A /* SSKeychain.m */ = {isa = PBXFileReference; fileEncoding = 4; lastKnownFileType = sourcecode.c.objc; path = SSKeychain.m; sourceTree = "<group>"; };
		F47A3BDD1D27BDC500DB2C7A /* SSKeychainQuery.h */ = {isa = PBXFileReference; fileEncoding = 4; lastKnownFileType = sourcecode.c.h; path = SSKeychainQuery.h; sourceTree = "<group>"; };
		F47A3BDE1D27BDC500DB2C7A /* SSKeychainQuery.m */ = {isa = PBXFileReference; fileEncoding = 4; lastKnownFileType = sourcecode.c.objc; path = SSKeychainQuery.m; sourceTree = "<group>"; };
		F47A3BE11D27BDCE00DB2C7A /* LICENSE */ = {isa = PBXFileReference; fileEncoding = 4; lastKnownFileType = text; path = LICENSE; sourceTree = "<group>"; };
		F47A3BE41D27BE3F00DB2C7A /* UIScrollView+EmptyDataSet.h */ = {isa = PBXFileReference; fileEncoding = 4; lastKnownFileType = sourcecode.c.h; path = "UIScrollView+EmptyDataSet.h"; sourceTree = "<group>"; };
		F47A3BE51D27BE3F00DB2C7A /* UIScrollView+EmptyDataSet.m */ = {isa = PBXFileReference; fileEncoding = 4; lastKnownFileType = sourcecode.c.objc; path = "UIScrollView+EmptyDataSet.m"; sourceTree = "<group>"; };
		F47A3BE71D27BE5700DB2C7A /* LICENSE_DZN */ = {isa = PBXFileReference; fileEncoding = 4; lastKnownFileType = text; path = LICENSE_DZN; sourceTree = "<group>"; };
		F47A3BEA1D27BEB100DB2C7A /* TWMessageBarManager.h */ = {isa = PBXFileReference; fileEncoding = 4; lastKnownFileType = sourcecode.c.h; path = TWMessageBarManager.h; sourceTree = "<group>"; };
		F47A3BEB1D27BEB100DB2C7A /* TWMessageBarManager.m */ = {isa = PBXFileReference; fileEncoding = 4; lastKnownFileType = sourcecode.c.objc; path = TWMessageBarManager.m; sourceTree = "<group>"; };
		F47A3BED1D27BEB700DB2C7A /* icon-error.png */ = {isa = PBXFileReference; lastKnownFileType = image.png; path = "icon-error.png"; sourceTree = "<group>"; };
		F47A3BEE1D27BEB700DB2C7A /* icon-error@2x.png */ = {isa = PBXFileReference; lastKnownFileType = image.png; path = "icon-error@2x.png"; sourceTree = "<group>"; };
		F47A3BEF1D27BEB700DB2C7A /* icon-info.png */ = {isa = PBXFileReference; lastKnownFileType = image.png; path = "icon-info.png"; sourceTree = "<group>"; };
		F47A3BF01D27BEB700DB2C7A /* icon-info@2x.png */ = {isa = PBXFileReference; lastKnownFileType = image.png; path = "icon-info@2x.png"; sourceTree = "<group>"; };
		F47A3BF11D27BEB700DB2C7A /* icon-success.png */ = {isa = PBXFileReference; lastKnownFileType = image.png; path = "icon-success.png"; sourceTree = "<group>"; };
		F47A3BF21D27BEB700DB2C7A /* icon-success@2x.png */ = {isa = PBXFileReference; lastKnownFileType = image.png; path = "icon-success@2x.png"; sourceTree = "<group>"; };
		F47A3BF91D27BEBF00DB2C7A /* LICENSE-TWBarManager */ = {isa = PBXFileReference; fileEncoding = 4; lastKnownFileType = text; path = "LICENSE-TWBarManager"; sourceTree = "<group>"; };
		F47A3BFB1D27BF0B00DB2C7A /* NSDateFormatter+STTwitter.h */ = {isa = PBXFileReference; fileEncoding = 4; lastKnownFileType = sourcecode.c.h; path = "NSDateFormatter+STTwitter.h"; sourceTree = "<group>"; };
		F47A3BFC1D27BF0B00DB2C7A /* NSDateFormatter+STTwitter.m */ = {isa = PBXFileReference; fileEncoding = 4; lastKnownFileType = sourcecode.c.objc; path = "NSDateFormatter+STTwitter.m"; sourceTree = "<group>"; };
		F47A3BFD1D27BF0B00DB2C7A /* NSError+STTwitter.h */ = {isa = PBXFileReference; fileEncoding = 4; lastKnownFileType = sourcecode.c.h; path = "NSError+STTwitter.h"; sourceTree = "<group>"; };
		F47A3BFE1D27BF0B00DB2C7A /* NSError+STTwitter.m */ = {isa = PBXFileReference; fileEncoding = 4; lastKnownFileType = sourcecode.c.objc; path = "NSError+STTwitter.m"; sourceTree = "<group>"; };
		F47A3BFF1D27BF0B00DB2C7A /* NSString+STTwitter.h */ = {isa = PBXFileReference; fileEncoding = 4; lastKnownFileType = sourcecode.c.h; path = "NSString+STTwitter.h"; sourceTree = "<group>"; };
		F47A3C001D27BF0B00DB2C7A /* NSString+STTwitter.m */ = {isa = PBXFileReference; fileEncoding = 4; lastKnownFileType = sourcecode.c.objc; path = "NSString+STTwitter.m"; sourceTree = "<group>"; };
		F47A3C011D27BF0B00DB2C7A /* STHTTPRequest+STTwitter.h */ = {isa = PBXFileReference; fileEncoding = 4; lastKnownFileType = sourcecode.c.h; path = "STHTTPRequest+STTwitter.h"; sourceTree = "<group>"; };
		F47A3C021D27BF0B00DB2C7A /* STHTTPRequest+STTwitter.m */ = {isa = PBXFileReference; fileEncoding = 4; lastKnownFileType = sourcecode.c.objc; path = "STHTTPRequest+STTwitter.m"; sourceTree = "<group>"; };
		F47A3C031D27BF0B00DB2C7A /* STTwitter.h */ = {isa = PBXFileReference; fileEncoding = 4; lastKnownFileType = sourcecode.c.h; path = STTwitter.h; sourceTree = "<group>"; };
		F47A3C041D27BF0B00DB2C7A /* STTwitterAPI.h */ = {isa = PBXFileReference; fileEncoding = 4; lastKnownFileType = sourcecode.c.h; path = STTwitterAPI.h; sourceTree = "<group>"; };
		F47A3C051D27BF0B00DB2C7A /* STTwitterAPI.m */ = {isa = PBXFileReference; fileEncoding = 4; lastKnownFileType = sourcecode.c.objc; path = STTwitterAPI.m; sourceTree = "<group>"; };
		F47A3C061D27BF0B00DB2C7A /* STTwitterAppOnly.h */ = {isa = PBXFileReference; fileEncoding = 4; lastKnownFileType = sourcecode.c.h; path = STTwitterAppOnly.h; sourceTree = "<group>"; };
		F47A3C071D27BF0B00DB2C7A /* STTwitterAppOnly.m */ = {isa = PBXFileReference; fileEncoding = 4; lastKnownFileType = sourcecode.c.objc; path = STTwitterAppOnly.m; sourceTree = "<group>"; };
		F47A3C081D27BF0B00DB2C7A /* STTwitterHTML.h */ = {isa = PBXFileReference; fileEncoding = 4; lastKnownFileType = sourcecode.c.h; path = STTwitterHTML.h; sourceTree = "<group>"; };
		F47A3C091D27BF0B00DB2C7A /* STTwitterHTML.m */ = {isa = PBXFileReference; fileEncoding = 4; lastKnownFileType = sourcecode.c.objc; path = STTwitterHTML.m; sourceTree = "<group>"; };
		F47A3C0A1D27BF0B00DB2C7A /* STTwitterOAuth.h */ = {isa = PBXFileReference; fileEncoding = 4; lastKnownFileType = sourcecode.c.h; path = STTwitterOAuth.h; sourceTree = "<group>"; };
		F47A3C0B1D27BF0B00DB2C7A /* STTwitterOAuth.m */ = {isa = PBXFileReference; fileEncoding = 4; lastKnownFileType = sourcecode.c.objc; path = STTwitterOAuth.m; sourceTree = "<group>"; };
		F47A3C0C1D27BF0B00DB2C7A /* STTwitterOS.h */ = {isa = PBXFileReference; fileEncoding = 4; lastKnownFileType = sourcecode.c.h; path = STTwitterOS.h; sourceTree = "<group>"; };
		F47A3C0D1D27BF0B00DB2C7A /* STTwitterOS.m */ = {isa = PBXFileReference; fileEncoding = 4; lastKnownFileType = sourcecode.c.objc; path = STTwitterOS.m; sourceTree = "<group>"; };
		F47A3C0E1D27BF0B00DB2C7A /* STTwitterOSRequest.h */ = {isa = PBXFileReference; fileEncoding = 4; lastKnownFileType = sourcecode.c.h; path = STTwitterOSRequest.h; sourceTree = "<group>"; };
		F47A3C0F1D27BF0B00DB2C7A /* STTwitterOSRequest.m */ = {isa = PBXFileReference; fileEncoding = 4; lastKnownFileType = sourcecode.c.objc; path = STTwitterOSRequest.m; sourceTree = "<group>"; };
		F47A3C101D27BF0B00DB2C7A /* STTwitterProtocol.h */ = {isa = PBXFileReference; fileEncoding = 4; lastKnownFileType = sourcecode.c.h; path = STTwitterProtocol.h; sourceTree = "<group>"; };
		F47A3C111D27BF0B00DB2C7A /* STTwitterRequestProtocol.h */ = {isa = PBXFileReference; fileEncoding = 4; lastKnownFileType = sourcecode.c.h; path = STTwitterRequestProtocol.h; sourceTree = "<group>"; };
		F47A3C121D27BF0B00DB2C7A /* STTwitterStreamParser.h */ = {isa = PBXFileReference; fileEncoding = 4; lastKnownFileType = sourcecode.c.h; path = STTwitterStreamParser.h; sourceTree = "<group>"; };
		F47A3C131D27BF0B00DB2C7A /* STTwitterStreamParser.m */ = {isa = PBXFileReference; fileEncoding = 4; lastKnownFileType = sourcecode.c.objc; path = STTwitterStreamParser.m; sourceTree = "<group>"; };
		F47A3C151D27BF0B00DB2C7A /* BAVPlistNode.h */ = {isa = PBXFileReference; fileEncoding = 4; lastKnownFileType = sourcecode.c.h; path = BAVPlistNode.h; sourceTree = "<group>"; };
		F47A3C161D27BF0B00DB2C7A /* BAVPlistNode.m */ = {isa = PBXFileReference; fileEncoding = 4; lastKnownFileType = sourcecode.c.objc; path = BAVPlistNode.m; sourceTree = "<group>"; };
		F47A3C171D27BF0B00DB2C7A /* JSONSyntaxHighlight.h */ = {isa = PBXFileReference; fileEncoding = 4; lastKnownFileType = sourcecode.c.h; path = JSONSyntaxHighlight.h; sourceTree = "<group>"; };
		F47A3C181D27BF0B00DB2C7A /* JSONSyntaxHighlight.m */ = {isa = PBXFileReference; fileEncoding = 4; lastKnownFileType = sourcecode.c.objc; path = JSONSyntaxHighlight.m; sourceTree = "<group>"; };
		F47A3C191D27BF0B00DB2C7A /* STHTTPRequest.h */ = {isa = PBXFileReference; fileEncoding = 4; lastKnownFileType = sourcecode.c.h; path = STHTTPRequest.h; sourceTree = "<group>"; };
		F47A3C1A1D27BF0B00DB2C7A /* STHTTPRequest.m */ = {isa = PBXFileReference; fileEncoding = 4; lastKnownFileType = sourcecode.c.objc; path = STHTTPRequest.m; sourceTree = "<group>"; };
		F47A3C291D27BF1500DB2C7A /* LICENCE.txt */ = {isa = PBXFileReference; fileEncoding = 4; lastKnownFileType = text; path = LICENCE.txt; sourceTree = "<group>"; };
		F4AAD84E1D589DE100442221 /* DashBoardViewController.h */ = {isa = PBXFileReference; fileEncoding = 4; lastKnownFileType = sourcecode.c.h; path = DashBoardViewController.h; sourceTree = "<group>"; };
		F4AAD84F1D589DE100442221 /* DashBoardViewController.m */ = {isa = PBXFileReference; fileEncoding = 4; lastKnownFileType = sourcecode.c.objc; path = DashBoardViewController.m; sourceTree = "<group>"; };
		F4AAD8521D589EA700442221 /* AJCDashboardView.h */ = {isa = PBXFileReference; fileEncoding = 4; lastKnownFileType = sourcecode.c.h; path = AJCDashboardView.h; sourceTree = "<group>"; };
		F4AAD8531D589EA700442221 /* AJCDashboardView.m */ = {isa = PBXFileReference; fileEncoding = 4; lastKnownFileType = sourcecode.c.objc; path = AJCDashboardView.m; sourceTree = "<group>"; };
		F4AAD8551D59BC3600442221 /* AJCWeatherView.h */ = {isa = PBXFileReference; fileEncoding = 4; lastKnownFileType = sourcecode.c.h; path = AJCWeatherView.h; sourceTree = "<group>"; };
		F4AAD8561D59BC3600442221 /* AJCWeatherView.m */ = {isa = PBXFileReference; fileEncoding = 4; lastKnownFileType = sourcecode.c.objc; path = AJCWeatherView.m; sourceTree = "<group>"; };
		F4B708861D4883C9006D7B86 /* EmptyScreenViewController.h */ = {isa = PBXFileReference; fileEncoding = 4; lastKnownFileType = sourcecode.c.h; path = EmptyScreenViewController.h; sourceTree = "<group>"; };
		F4B708871D4883C9006D7B86 /* EmptyScreenViewController.m */ = {isa = PBXFileReference; fileEncoding = 4; lastKnownFileType = sourcecode.c.objc; path = EmptyScreenViewController.m; sourceTree = "<group>"; };
		F4DFFDB51D4B45EC00DB6244 /* AFHTTPSessionManager.h */ = {isa = PBXFileReference; fileEncoding = 4; lastKnownFileType = sourcecode.c.h; path = AFHTTPSessionManager.h; sourceTree = "<group>"; };
		F4DFFDB61D4B45EC00DB6244 /* AFHTTPSessionManager.m */ = {isa = PBXFileReference; fileEncoding = 4; lastKnownFileType = sourcecode.c.objc; path = AFHTTPSessionManager.m; sourceTree = "<group>"; };
		F4DFFDB71D4B45EC00DB6244 /* AFNetworking.h */ = {isa = PBXFileReference; fileEncoding = 4; lastKnownFileType = sourcecode.c.h; path = AFNetworking.h; sourceTree = "<group>"; };
		F4DFFDB81D4B45EC00DB6244 /* AFNetworkReachabilityManager.h */ = {isa = PBXFileReference; fileEncoding = 4; lastKnownFileType = sourcecode.c.h; path = AFNetworkReachabilityManager.h; sourceTree = "<group>"; };
		F4DFFDB91D4B45EC00DB6244 /* AFNetworkReachabilityManager.m */ = {isa = PBXFileReference; fileEncoding = 4; lastKnownFileType = sourcecode.c.objc; path = AFNetworkReachabilityManager.m; sourceTree = "<group>"; };
		F4DFFDBA1D4B45EC00DB6244 /* AFSecurityPolicy.h */ = {isa = PBXFileReference; fileEncoding = 4; lastKnownFileType = sourcecode.c.h; path = AFSecurityPolicy.h; sourceTree = "<group>"; };
		F4DFFDBB1D4B45EC00DB6244 /* AFSecurityPolicy.m */ = {isa = PBXFileReference; fileEncoding = 4; lastKnownFileType = sourcecode.c.objc; path = AFSecurityPolicy.m; sourceTree = "<group>"; };
		F4DFFDBC1D4B45EC00DB6244 /* AFURLRequestSerialization.h */ = {isa = PBXFileReference; fileEncoding = 4; lastKnownFileType = sourcecode.c.h; path = AFURLRequestSerialization.h; sourceTree = "<group>"; };
		F4DFFDBD1D4B45EC00DB6244 /* AFURLRequestSerialization.m */ = {isa = PBXFileReference; fileEncoding = 4; lastKnownFileType = sourcecode.c.objc; path = AFURLRequestSerialization.m; sourceTree = "<group>"; };
		F4DFFDBE1D4B45EC00DB6244 /* AFURLResponseSerialization.h */ = {isa = PBXFileReference; fileEncoding = 4; lastKnownFileType = sourcecode.c.h; path = AFURLResponseSerialization.h; sourceTree = "<group>"; };
		F4DFFDBF1D4B45EC00DB6244 /* AFURLResponseSerialization.m */ = {isa = PBXFileReference; fileEncoding = 4; lastKnownFileType = sourcecode.c.objc; path = AFURLResponseSerialization.m; sourceTree = "<group>"; };
		F4DFFDC01D4B45EC00DB6244 /* AFURLSessionManager.h */ = {isa = PBXFileReference; fileEncoding = 4; lastKnownFileType = sourcecode.c.h; path = AFURLSessionManager.h; sourceTree = "<group>"; };
		F4DFFDC11D4B45EC00DB6244 /* AFURLSessionManager.m */ = {isa = PBXFileReference; fileEncoding = 4; lastKnownFileType = sourcecode.c.objc; path = AFURLSessionManager.m; sourceTree = "<group>"; };
		F4DFFDC91D4B461B00DB6244 /* AFAutoPurgingImageCache.h */ = {isa = PBXFileReference; fileEncoding = 4; lastKnownFileType = sourcecode.c.h; path = AFAutoPurgingImageCache.h; sourceTree = "<group>"; };
		F4DFFDCA1D4B461B00DB6244 /* AFAutoPurgingImageCache.m */ = {isa = PBXFileReference; fileEncoding = 4; lastKnownFileType = sourcecode.c.objc; path = AFAutoPurgingImageCache.m; sourceTree = "<group>"; };
		F4DFFDCB1D4B461B00DB6244 /* AFImageDownloader.h */ = {isa = PBXFileReference; fileEncoding = 4; lastKnownFileType = sourcecode.c.h; path = AFImageDownloader.h; sourceTree = "<group>"; };
		F4DFFDCC1D4B461B00DB6244 /* AFImageDownloader.m */ = {isa = PBXFileReference; fileEncoding = 4; lastKnownFileType = sourcecode.c.objc; path = AFImageDownloader.m; sourceTree = "<group>"; };
		F4DFFDCD1D4B461B00DB6244 /* AFNetworkActivityIndicatorManager.h */ = {isa = PBXFileReference; fileEncoding = 4; lastKnownFileType = sourcecode.c.h; path = AFNetworkActivityIndicatorManager.h; sourceTree = "<group>"; };
		F4DFFDCE1D4B461B00DB6244 /* AFNetworkActivityIndicatorManager.m */ = {isa = PBXFileReference; fileEncoding = 4; lastKnownFileType = sourcecode.c.objc; path = AFNetworkActivityIndicatorManager.m; sourceTree = "<group>"; };
		F4DFFDCF1D4B461B00DB6244 /* UIActivityIndicatorView+AFNetworking.h */ = {isa = PBXFileReference; fileEncoding = 4; lastKnownFileType = sourcecode.c.h; path = "UIActivityIndicatorView+AFNetworking.h"; sourceTree = "<group>"; };
		F4DFFDD01D4B461B00DB6244 /* UIActivityIndicatorView+AFNetworking.m */ = {isa = PBXFileReference; fileEncoding = 4; lastKnownFileType = sourcecode.c.objc; path = "UIActivityIndicatorView+AFNetworking.m"; sourceTree = "<group>"; };
		F4DFFDD11D4B461B00DB6244 /* UIButton+AFNetworking.h */ = {isa = PBXFileReference; fileEncoding = 4; lastKnownFileType = sourcecode.c.h; path = "UIButton+AFNetworking.h"; sourceTree = "<group>"; };
		F4DFFDD21D4B461B00DB6244 /* UIButton+AFNetworking.m */ = {isa = PBXFileReference; fileEncoding = 4; lastKnownFileType = sourcecode.c.objc; path = "UIButton+AFNetworking.m"; sourceTree = "<group>"; };
		F4DFFDD31D4B461B00DB6244 /* UIImage+AFNetworking.h */ = {isa = PBXFileReference; fileEncoding = 4; lastKnownFileType = sourcecode.c.h; path = "UIImage+AFNetworking.h"; sourceTree = "<group>"; };
		F4DFFDD41D4B461B00DB6244 /* UIImageView+AFNetworking.h */ = {isa = PBXFileReference; fileEncoding = 4; lastKnownFileType = sourcecode.c.h; path = "UIImageView+AFNetworking.h"; sourceTree = "<group>"; };
		F4DFFDD51D4B461B00DB6244 /* UIImageView+AFNetworking.m */ = {isa = PBXFileReference; fileEncoding = 4; lastKnownFileType = sourcecode.c.objc; path = "UIImageView+AFNetworking.m"; sourceTree = "<group>"; };
		F4DFFDD61D4B461B00DB6244 /* UIKit+AFNetworking.h */ = {isa = PBXFileReference; fileEncoding = 4; lastKnownFileType = sourcecode.c.h; path = "UIKit+AFNetworking.h"; sourceTree = "<group>"; };
		F4DFFDD71D4B461B00DB6244 /* UIProgressView+AFNetworking.h */ = {isa = PBXFileReference; fileEncoding = 4; lastKnownFileType = sourcecode.c.h; path = "UIProgressView+AFNetworking.h"; sourceTree = "<group>"; };
		F4DFFDD81D4B461B00DB6244 /* UIProgressView+AFNetworking.m */ = {isa = PBXFileReference; fileEncoding = 4; lastKnownFileType = sourcecode.c.objc; path = "UIProgressView+AFNetworking.m"; sourceTree = "<group>"; };
		F4DFFDD91D4B461B00DB6244 /* UIRefreshControl+AFNetworking.h */ = {isa = PBXFileReference; fileEncoding = 4; lastKnownFileType = sourcecode.c.h; path = "UIRefreshControl+AFNetworking.h"; sourceTree = "<group>"; };
		F4DFFDDA1D4B461B00DB6244 /* UIRefreshControl+AFNetworking.m */ = {isa = PBXFileReference; fileEncoding = 4; lastKnownFileType = sourcecode.c.objc; path = "UIRefreshControl+AFNetworking.m"; sourceTree = "<group>"; };
		F4DFFDDB1D4B461B00DB6244 /* UIWebView+AFNetworking.h */ = {isa = PBXFileReference; fileEncoding = 4; lastKnownFileType = sourcecode.c.h; path = "UIWebView+AFNetworking.h"; sourceTree = "<group>"; };
		F4DFFDDC1D4B461B00DB6244 /* UIWebView+AFNetworking.m */ = {isa = PBXFileReference; fileEncoding = 4; lastKnownFileType = sourcecode.c.objc; path = "UIWebView+AFNetworking.m"; sourceTree = "<group>"; };
		F4DFFDE61D4B463F00DB6244 /* LICENSE_AFNetworking */ = {isa = PBXFileReference; fileEncoding = 4; lastKnownFileType = text; path = LICENSE_AFNetworking; sourceTree = "<group>"; };
		F4DFFDE81D4B531100DB6244 /* BookingViewController.h */ = {isa = PBXFileReference; fileEncoding = 4; lastKnownFileType = sourcecode.c.h; path = BookingViewController.h; sourceTree = "<group>"; };
		F4DFFDE91D4B531100DB6244 /* BookingViewController.m */ = {isa = PBXFileReference; fileEncoding = 4; lastKnownFileType = sourcecode.c.objc; path = BookingViewController.m; sourceTree = "<group>"; };
		F4E5000B1D59E82900735517 /* Storm@2x.png */ = {isa = PBXFileReference; lastKnownFileType = image.png; path = "Storm@2x.png"; sourceTree = "<group>"; };
		F4E5000D1D59EB0A00735517 /* Storm1@2x.png */ = {isa = PBXFileReference; lastKnownFileType = image.png; path = "Storm1@2x.png"; sourceTree = "<group>"; };
		F4E5000F1D59EC0700735517 /* Storm2@2x.png */ = {isa = PBXFileReference; lastKnownFileType = image.png; path = "Storm2@2x.png"; sourceTree = "<group>"; };
		F4E500111D59EC6700735517 /* Storm3@2x.png */ = {isa = PBXFileReference; lastKnownFileType = image.png; path = "Storm3@2x.png"; sourceTree = "<group>"; };
		F4E500131D59EF9D00735517 /* Sun@2x.png */ = {isa = PBXFileReference; lastKnownFileType = image.png; path = "Sun@2x.png"; sourceTree = "<group>"; };
/* End PBXFileReference section */

/* Begin PBXFrameworksBuildPhase section */
		F41884121CAE7F21005F562F /* Frameworks */ = {
			isa = PBXFrameworksBuildPhase;
			buildActionMask = 2147483647;
			files = (
				191788D81D783FF400A00635 /* libsqlite3.0.tbd in Frameworks */,
			);
			runOnlyForDeploymentPostprocessing = 0;
		};
/* End PBXFrameworksBuildPhase section */

/* Begin PBXGroup section */
		191788D11D783FAE00A00635 /* Database Client */ = {
			isa = PBXGroup;
			children = (
				191788D51D783FCC00A00635 /* AJCDatabase.sqlite */,
				191788D21D783FBB00A00635 /* DatabaseClient.h */,
				191788D31D783FBB00A00635 /* DatabaseClient.m */,
			);
			name = "Database Client";
			sourceTree = "<group>";
		};
		191788D91D784DE000A00635 /* Hotel Profile Data Model */ = {
			isa = PBXGroup;
			children = (
				192C32A21D7037D6002C25FD /* HotelProfile.h */,
				192C32A31D7037D6002C25FD /* HotelProfile.m */,
			);
			name = "Hotel Profile Data Model";
			sourceTree = "<group>";
		};
		192C329E1D703314002C25FD /* AJC_GI_API_Client */ = {
			isa = PBXGroup;
			children = (
				192C329F1D703360002C25FD /* GIAPIClient.h */,
				192C32A01D703360002C25FD /* GIAPIClient.m */,
			);
			name = AJC_GI_API_Client;
			sourceTree = "<group>";
		};
		192C32A51D7037DD002C25FD /* Hotel Profile Data Model */ = {
			isa = PBXGroup;
			children = (
				192C32B61D70C960002C25FD /* Hotel Accommodation Data Model */,
				192C32AC1D705111002C25FD /* Hotel Rating Data Model */,
				192C32AD1D705120002C25FD /* Hotel Review Data Model */,
				191788D91D784DE000A00635 /* Hotel Profile Data Model */,
			);
			name = "Hotel Profile Data Model";
			sourceTree = "<group>";
		};
		192C32AC1D705111002C25FD /* Hotel Rating Data Model */ = {
			isa = PBXGroup;
			children = (
				192C32A61D703A43002C25FD /* HotelRating.h */,
				192C32A71D703A43002C25FD /* HotelRating.m */,
			);
			name = "Hotel Rating Data Model";
			sourceTree = "<group>";
		};
		192C32AD1D705120002C25FD /* Hotel Review Data Model */ = {
			isa = PBXGroup;
			children = (
				192C32A91D703A53002C25FD /* HotelReview.h */,
				192C32AA1D703A53002C25FD /* HotelReview.m */,
			);
			name = "Hotel Review Data Model";
			sourceTree = "<group>";
		};
		192C32B11D70C7C2002C25FD /* UI Related */ = {
			isa = PBXGroup;
			children = (
				192C32B21D70C7D2002C25FD /* Hotel Profile View Controller */,
			);
			name = "UI Related";
			sourceTree = "<group>";
		};
		192C32B21D70C7D2002C25FD /* Hotel Profile View Controller */ = {
			isa = PBXGroup;
			children = (
				192C32AE1D70C7B6002C25FD /* HotelProfileViewViewController.h */,
				192C32AF1D70C7B6002C25FD /* HotelProfileViewViewController.m */,
				192C32BD1D719410002C25FD /* Hotel Profile View */,
			);
			name = "Hotel Profile View Controller";
			sourceTree = "<group>";
		};
		192C32B61D70C960002C25FD /* Hotel Accommodation Data Model */ = {
			isa = PBXGroup;
			children = (
				192C32B31D70C959002C25FD /* HotelAccommodation.h */,
				192C32B41D70C959002C25FD /* HotelAccommodation.m */,
			);
			name = "Hotel Accommodation Data Model";
			sourceTree = "<group>";
		};
		192C32BD1D719410002C25FD /* Hotel Profile View */ = {
			isa = PBXGroup;
			children = (
				192C32BA1D719401002C25FD /* HotelProfileView.h */,
				192C32BB1D719401002C25FD /* HotelProfileView.m */,
			);
			name = "Hotel Profile View";
			sourceTree = "<group>";
		};
		19EB858C1D7442BE004EAC7F /* MXParallaxHeader */ = {
			isa = PBXGroup;
			children = (
				19ED941A1D758ABF002F0A55 /* StarshipHeader.xib */,
				19EB85961D7442FF004EAC7F /* LICENSE-MXParallaxHeader */,
				19EB858D1D7442EA004EAC7F /* MXParallaxHeader.h */,
				19EB858E1D7442EA004EAC7F /* MXParallaxHeader.m */,
				19EB858F1D7442EA004EAC7F /* MXScrollView.h */,
				19EB85901D7442EA004EAC7F /* MXScrollView.m */,
				19EB85911D7442EA004EAC7F /* MXScrollViewController.h */,
				19EB85921D7442EA004EAC7F /* MXScrollViewController.m */,
			);
			name = MXParallaxHeader;
			sourceTree = "<group>";
		};
		19ED94131D75867B002F0A55 /* AJC Images */ = {
			isa = PBXGroup;
			children = (
				19ED94141D758690002F0A55 /* AJC_Campground.png */,
				19ED941D1D75904E002F0A55 /* restaurant.jpeg */,
				19ED94151D758690002F0A55 /* AJC_Restaurant.png */,
			);
			name = "AJC Images";
			sourceTree = "<group>";
		};
		19FD82BF1D7D7E53009A1149 /* Top Bar */ = {
			isa = PBXGroup;
			children = (
				19FD82BC1D7D5AF0009A1149 /* TopBarView.h */,
				19FD82BD1D7D5AF1009A1149 /* TopBarView.m */,
			);
			name = "Top Bar";
			sourceTree = "<group>";
		};
		19FD82C01D7D7E63009A1149 /* Empty View Controller */ = {
			isa = PBXGroup;
			children = (
				F4B708861D4883C9006D7B86 /* EmptyScreenViewController.h */,
				F4B708871D4883C9006D7B86 /* EmptyScreenViewController.m */,
			);
			name = "Empty View Controller";
			sourceTree = "<group>";
		};
		F418840C1CAE7F20005F562F = {
			isa = PBXGroup;
			children = (
				191788D71D783FF400A00635 /* libsqlite3.0.tbd */,
				F41884171CAE7F21005F562F /* Boilerplate */,
				F41884161CAE7F21005F562F /* Products */,
			);
			sourceTree = "<group>";
		};
		F41884161CAE7F21005F562F /* Products */ = {
			isa = PBXGroup;
			children = (
				F41884151CAE7F21005F562F /* Boilerplate.app */,
			);
			name = Products;
			sourceTree = "<group>";
		};
		F41884171CAE7F21005F562F /* Boilerplate */ = {
			isa = PBXGroup;
			children = (
				F418841B1CAE7F21005F562F /* AppDelegate.h */,
				F418841C1CAE7F21005F562F /* AppDelegate.m */,
				F418841E1CAE7F21005F562F /* ViewController.h */,
				F418841F1CAE7F21005F562F /* ViewController.m */,
				F4DFFDE81D4B531100DB6244 /* BookingViewController.h */,
				F4DFFDE91D4B531100DB6244 /* BookingViewController.m */,
				F4AAD84E1D589DE100442221 /* DashBoardViewController.h */,
				F4AAD84F1D589DE100442221 /* DashBoardViewController.m */,
				19EB85981D74433D004EAC7F /* HotelProfileViewController.h */,
				19EB85991D74433D004EAC7F /* HotelProfileViewController.m */,
				192C32B11D70C7C2002C25FD /* UI Related */,
				F41884401CAE93EA005F562F /* Custom Classes */,
				F418843A1CAE8367005F562F /* Third Party */,
				F418842F1CAE807D005F562F /* Assets */,
				F41884241CAE7F21005F562F /* Assets.xcassets */,
				F41884291CAE7F21005F562F /* Info.plist */,
				F41884181CAE7F21005F562F /* Supporting Files */,
			);
			path = Boilerplate;
			sourceTree = "<group>";
		};
		F41884181CAE7F21005F562F /* Supporting Files */ = {
			isa = PBXGroup;
			children = (
				F41884191CAE7F21005F562F /* main.m */,
			);
			name = "Supporting Files";
			sourceTree = "<group>";
		};
		F418842F1CAE807D005F562F /* Assets */ = {
			isa = PBXGroup;
			children = (
				19ED94131D75867B002F0A55 /* AJC Images */,
				F4E5000B1D59E82900735517 /* Storm@2x.png */,
				F4E5000D1D59EB0A00735517 /* Storm1@2x.png */,
				F4E5000F1D59EC0700735517 /* Storm2@2x.png */,
				F4E500111D59EC6700735517 /* Storm3@2x.png */,
				F4E500131D59EF9D00735517 /* Sun@2x.png */,
				F41884301CAE8097005F562F /* Default-568h@2x.png */,
				F41884311CAE8097005F562F /* Default-667h@2x.png */,
				F41884321CAE8097005F562F /* Default-736h@3x.png */,
				F41884331CAE8097005F562F /* Default.png */,
				F41884341CAE8097005F562F /* Default@2x.png */,
			);
			name = Assets;
			sourceTree = "<group>";
		};
		F418843A1CAE8367005F562F /* Third Party */ = {
			isa = PBXGroup;
			children = (
				19EB858C1D7442BE004EAC7F /* MXParallaxHeader */,
				F4DFFDB41D4B45D000DB6244 /* AFNetworking */,
				F47A3BE91D27BE9200DB2C7A /* Bar Message */,
				F47A3BE31D27BE3300DB2C7A /* DZNTableView */,
				F47A3BDA1D27BDB900DB2C7A /* Keychain */,
				F47A3B941D27B85500DB2C7A /* Twitter Client */,
				F47A3B931D27B84000DB2C7A /* Facebook POP */,
			);
			name = "Third Party";
			sourceTree = "<group>";
		};
		F41884401CAE93EA005F562F /* Custom Classes */ = {
			isa = PBXGroup;
			children = (
				191788D11D783FAE00A00635 /* Database Client */,
				192C32A51D7037DD002C25FD /* Hotel Profile Data Model */,
				192C329E1D703314002C25FD /* AJC_GI_API_Client */,
				F4AAD8581D59BC3C00442221 /* Weather View */,
				F4AAD8511D589E6F00442221 /* DashboardView */,
				19FD82C01D7D7E63009A1149 /* Empty View Controller */,
				19FD82BF1D7D7E53009A1149 /* Top Bar */,
			);
			name = "Custom Classes";
			sourceTree = "<group>";
		};
		F47A3B931D27B84000DB2C7A /* Facebook POP */ = {
			isa = PBXGroup;
			children = (
				F47A3BD51D27B88100DB2C7A /* FloatConversion.h */,
				F47A3BD61D27B88100DB2C7A /* TransformationMatrix.cpp */,
				F47A3BD71D27B88100DB2C7A /* TransformationMatrix.h */,
				F47A3BD81D27B88100DB2C7A /* UnitBezier.h */,
				F47A3B951D27B87600DB2C7A /* POP.h */,
				F47A3B961D27B87600DB2C7A /* POPAction.h */,
				F47A3B971D27B87600DB2C7A /* POPAnimatableProperty.h */,
				F47A3B981D27B87600DB2C7A /* POPAnimatableProperty.mm */,
				F47A3B991D27B87600DB2C7A /* POPAnimation.h */,
				F47A3B9A1D27B87600DB2C7A /* POPAnimation.mm */,
				F47A3B9B1D27B87600DB2C7A /* POPAnimationEvent.h */,
				F47A3B9C1D27B87600DB2C7A /* POPAnimationEvent.mm */,
				F47A3B9D1D27B87600DB2C7A /* POPAnimationEventInternal.h */,
				F47A3B9E1D27B87600DB2C7A /* POPAnimationExtras.h */,
				F47A3B9F1D27B87600DB2C7A /* POPAnimationExtras.mm */,
				F47A3BA01D27B87600DB2C7A /* POPAnimationInternal.h */,
				F47A3BA11D27B87600DB2C7A /* POPAnimationPrivate.h */,
				F47A3BA21D27B87600DB2C7A /* POPAnimationRuntime.h */,
				F47A3BA31D27B87600DB2C7A /* POPAnimationRuntime.mm */,
				F47A3BA41D27B87600DB2C7A /* POPAnimationTracer.h */,
				F47A3BA51D27B87600DB2C7A /* POPAnimationTracer.mm */,
				F47A3BA61D27B87600DB2C7A /* POPAnimationTracerInternal.h */,
				F47A3BA71D27B87600DB2C7A /* POPAnimator.h */,
				F47A3BA81D27B87600DB2C7A /* POPAnimator.mm */,
				F47A3BA91D27B87600DB2C7A /* POPAnimatorPrivate.h */,
				F47A3BAA1D27B87600DB2C7A /* POPBasicAnimation.h */,
				F47A3BAB1D27B87600DB2C7A /* POPBasicAnimation.mm */,
				F47A3BAC1D27B87600DB2C7A /* POPBasicAnimationInternal.h */,
				F47A3BAD1D27B87600DB2C7A /* POPCGUtils.h */,
				F47A3BAE1D27B87600DB2C7A /* POPCGUtils.mm */,
				F47A3BAF1D27B87600DB2C7A /* POPCustomAnimation.h */,
				F47A3BB01D27B87600DB2C7A /* POPCustomAnimation.mm */,
				F47A3BB11D27B87600DB2C7A /* POPDecayAnimation.h */,
				F47A3BB21D27B87600DB2C7A /* POPDecayAnimation.mm */,
				F47A3BB31D27B87600DB2C7A /* POPDecayAnimationInternal.h */,
				F47A3BB41D27B87600DB2C7A /* POPDefines.h */,
				F47A3BB51D27B87600DB2C7A /* POPGeometry.h */,
				F47A3BB61D27B87600DB2C7A /* POPGeometry.mm */,
				F47A3BB71D27B87600DB2C7A /* POPLayerExtras.h */,
				F47A3BB81D27B87600DB2C7A /* POPLayerExtras.mm */,
				F47A3BB91D27B87600DB2C7A /* POPMath.h */,
				F47A3BBA1D27B87600DB2C7A /* POPMath.mm */,
				F47A3BBB1D27B87600DB2C7A /* POPPropertyAnimation.h */,
				F47A3BBC1D27B87600DB2C7A /* POPPropertyAnimation.mm */,
				F47A3BBD1D27B87600DB2C7A /* POPPropertyAnimationInternal.h */,
				F47A3BBE1D27B87600DB2C7A /* POPSpringAnimation.h */,
				F47A3BBF1D27B87600DB2C7A /* POPSpringAnimation.mm */,
				F47A3BC01D27B87600DB2C7A /* POPSpringAnimationInternal.h */,
				F47A3BC11D27B87600DB2C7A /* POPSpringSolver.h */,
				F47A3BC21D27B87600DB2C7A /* POPVector.h */,
				F47A3BC31D27B87600DB2C7A /* POPVector.mm */,
			);
			name = "Facebook POP";
			sourceTree = "<group>";
		};
		F47A3B941D27B85500DB2C7A /* Twitter Client */ = {
			isa = PBXGroup;
			children = (
				F47A3C291D27BF1500DB2C7A /* LICENCE.txt */,
				F47A3BFB1D27BF0B00DB2C7A /* NSDateFormatter+STTwitter.h */,
				F47A3BFC1D27BF0B00DB2C7A /* NSDateFormatter+STTwitter.m */,
				F47A3BFD1D27BF0B00DB2C7A /* NSError+STTwitter.h */,
				F47A3BFE1D27BF0B00DB2C7A /* NSError+STTwitter.m */,
				F47A3BFF1D27BF0B00DB2C7A /* NSString+STTwitter.h */,
				F47A3C001D27BF0B00DB2C7A /* NSString+STTwitter.m */,
				F47A3C011D27BF0B00DB2C7A /* STHTTPRequest+STTwitter.h */,
				F47A3C021D27BF0B00DB2C7A /* STHTTPRequest+STTwitter.m */,
				F47A3C031D27BF0B00DB2C7A /* STTwitter.h */,
				F47A3C041D27BF0B00DB2C7A /* STTwitterAPI.h */,
				F47A3C051D27BF0B00DB2C7A /* STTwitterAPI.m */,
				F47A3C061D27BF0B00DB2C7A /* STTwitterAppOnly.h */,
				F47A3C071D27BF0B00DB2C7A /* STTwitterAppOnly.m */,
				F47A3C081D27BF0B00DB2C7A /* STTwitterHTML.h */,
				F47A3C091D27BF0B00DB2C7A /* STTwitterHTML.m */,
				F47A3C0A1D27BF0B00DB2C7A /* STTwitterOAuth.h */,
				F47A3C0B1D27BF0B00DB2C7A /* STTwitterOAuth.m */,
				F47A3C0C1D27BF0B00DB2C7A /* STTwitterOS.h */,
				F47A3C0D1D27BF0B00DB2C7A /* STTwitterOS.m */,
				F47A3C0E1D27BF0B00DB2C7A /* STTwitterOSRequest.h */,
				F47A3C0F1D27BF0B00DB2C7A /* STTwitterOSRequest.m */,
				F47A3C101D27BF0B00DB2C7A /* STTwitterProtocol.h */,
				F47A3C111D27BF0B00DB2C7A /* STTwitterRequestProtocol.h */,
				F47A3C121D27BF0B00DB2C7A /* STTwitterStreamParser.h */,
				F47A3C131D27BF0B00DB2C7A /* STTwitterStreamParser.m */,
				F47A3C141D27BF0B00DB2C7A /* Vendor */,
			);
			name = "Twitter Client";
			sourceTree = "<group>";
		};
		F47A3BDA1D27BDB900DB2C7A /* Keychain */ = {
			isa = PBXGroup;
			children = (
				F47A3BE11D27BDCE00DB2C7A /* LICENSE */,
				F47A3BDB1D27BDC500DB2C7A /* SSKeychain.h */,
				F47A3BDC1D27BDC500DB2C7A /* SSKeychain.m */,
				F47A3BDD1D27BDC500DB2C7A /* SSKeychainQuery.h */,
				F47A3BDE1D27BDC500DB2C7A /* SSKeychainQuery.m */,
			);
			name = Keychain;
			sourceTree = "<group>";
		};
		F47A3BE31D27BE3300DB2C7A /* DZNTableView */ = {
			isa = PBXGroup;
			children = (
				F47A3BE71D27BE5700DB2C7A /* LICENSE_DZN */,
				F47A3BE41D27BE3F00DB2C7A /* UIScrollView+EmptyDataSet.h */,
				F47A3BE51D27BE3F00DB2C7A /* UIScrollView+EmptyDataSet.m */,
			);
			name = DZNTableView;
			sourceTree = "<group>";
		};
		F47A3BE91D27BE9200DB2C7A /* Bar Message */ = {
			isa = PBXGroup;
			children = (
				F47A3BF91D27BEBF00DB2C7A /* LICENSE-TWBarManager */,
				F47A3BED1D27BEB700DB2C7A /* icon-error.png */,
				F47A3BEE1D27BEB700DB2C7A /* icon-error@2x.png */,
				F47A3BEF1D27BEB700DB2C7A /* icon-info.png */,
				F47A3BF01D27BEB700DB2C7A /* icon-info@2x.png */,
				F47A3BF11D27BEB700DB2C7A /* icon-success.png */,
				F47A3BF21D27BEB700DB2C7A /* icon-success@2x.png */,
				F47A3BEA1D27BEB100DB2C7A /* TWMessageBarManager.h */,
				F47A3BEB1D27BEB100DB2C7A /* TWMessageBarManager.m */,
			);
			name = "Bar Message";
			sourceTree = "<group>";
		};
		F47A3C141D27BF0B00DB2C7A /* Vendor */ = {
			isa = PBXGroup;
			children = (
				F47A3C151D27BF0B00DB2C7A /* BAVPlistNode.h */,
				F47A3C161D27BF0B00DB2C7A /* BAVPlistNode.m */,
				F47A3C171D27BF0B00DB2C7A /* JSONSyntaxHighlight.h */,
				F47A3C181D27BF0B00DB2C7A /* JSONSyntaxHighlight.m */,
				F47A3C191D27BF0B00DB2C7A /* STHTTPRequest.h */,
				F47A3C1A1D27BF0B00DB2C7A /* STHTTPRequest.m */,
			);
			path = Vendor;
			sourceTree = "<group>";
		};
		F4AAD8511D589E6F00442221 /* DashboardView */ = {
			isa = PBXGroup;
			children = (
				F4AAD8521D589EA700442221 /* AJCDashboardView.h */,
				F4AAD8531D589EA700442221 /* AJCDashboardView.m */,
			);
			name = DashboardView;
			sourceTree = "<group>";
		};
		F4AAD8581D59BC3C00442221 /* Weather View */ = {
			isa = PBXGroup;
			children = (
				F4AAD8551D59BC3600442221 /* AJCWeatherView.h */,
				F4AAD8561D59BC3600442221 /* AJCWeatherView.m */,
			);
			name = "Weather View";
			sourceTree = "<group>";
		};
		F4DFFDB41D4B45D000DB6244 /* AFNetworking */ = {
			isa = PBXGroup;
			children = (
				F4DFFDE61D4B463F00DB6244 /* LICENSE_AFNetworking */,
				F4DFFDC81D4B460000DB6244 /* UIKit+AFNetworking */,
				F4DFFDB51D4B45EC00DB6244 /* AFHTTPSessionManager.h */,
				F4DFFDB61D4B45EC00DB6244 /* AFHTTPSessionManager.m */,
				F4DFFDB71D4B45EC00DB6244 /* AFNetworking.h */,
				F4DFFDB81D4B45EC00DB6244 /* AFNetworkReachabilityManager.h */,
				F4DFFDB91D4B45EC00DB6244 /* AFNetworkReachabilityManager.m */,
				F4DFFDBA1D4B45EC00DB6244 /* AFSecurityPolicy.h */,
				F4DFFDBB1D4B45EC00DB6244 /* AFSecurityPolicy.m */,
				F4DFFDBC1D4B45EC00DB6244 /* AFURLRequestSerialization.h */,
				F4DFFDBD1D4B45EC00DB6244 /* AFURLRequestSerialization.m */,
				F4DFFDBE1D4B45EC00DB6244 /* AFURLResponseSerialization.h */,
				F4DFFDBF1D4B45EC00DB6244 /* AFURLResponseSerialization.m */,
				F4DFFDC01D4B45EC00DB6244 /* AFURLSessionManager.h */,
				F4DFFDC11D4B45EC00DB6244 /* AFURLSessionManager.m */,
			);
			name = AFNetworking;
			sourceTree = "<group>";
		};
		F4DFFDC81D4B460000DB6244 /* UIKit+AFNetworking */ = {
			isa = PBXGroup;
			children = (
				F4DFFDC91D4B461B00DB6244 /* AFAutoPurgingImageCache.h */,
				F4DFFDCA1D4B461B00DB6244 /* AFAutoPurgingImageCache.m */,
				F4DFFDCB1D4B461B00DB6244 /* AFImageDownloader.h */,
				F4DFFDCC1D4B461B00DB6244 /* AFImageDownloader.m */,
				F4DFFDCD1D4B461B00DB6244 /* AFNetworkActivityIndicatorManager.h */,
				F4DFFDCE1D4B461B00DB6244 /* AFNetworkActivityIndicatorManager.m */,
				F4DFFDCF1D4B461B00DB6244 /* UIActivityIndicatorView+AFNetworking.h */,
				F4DFFDD01D4B461B00DB6244 /* UIActivityIndicatorView+AFNetworking.m */,
				F4DFFDD11D4B461B00DB6244 /* UIButton+AFNetworking.h */,
				F4DFFDD21D4B461B00DB6244 /* UIButton+AFNetworking.m */,
				F4DFFDD31D4B461B00DB6244 /* UIImage+AFNetworking.h */,
				F4DFFDD41D4B461B00DB6244 /* UIImageView+AFNetworking.h */,
				F4DFFDD51D4B461B00DB6244 /* UIImageView+AFNetworking.m */,
				F4DFFDD61D4B461B00DB6244 /* UIKit+AFNetworking.h */,
				F4DFFDD71D4B461B00DB6244 /* UIProgressView+AFNetworking.h */,
				F4DFFDD81D4B461B00DB6244 /* UIProgressView+AFNetworking.m */,
				F4DFFDD91D4B461B00DB6244 /* UIRefreshControl+AFNetworking.h */,
				F4DFFDDA1D4B461B00DB6244 /* UIRefreshControl+AFNetworking.m */,
				F4DFFDDB1D4B461B00DB6244 /* UIWebView+AFNetworking.h */,
				F4DFFDDC1D4B461B00DB6244 /* UIWebView+AFNetworking.m */,
			);
			name = "UIKit+AFNetworking";
			sourceTree = "<group>";
		};
/* End PBXGroup section */

/* Begin PBXNativeTarget section */
		F41884141CAE7F21005F562F /* Boilerplate */ = {
			isa = PBXNativeTarget;
			buildConfigurationList = F418842C1CAE7F21005F562F /* Build configuration list for PBXNativeTarget "Boilerplate" */;
			buildPhases = (
				F41884111CAE7F21005F562F /* Sources */,
				F41884121CAE7F21005F562F /* Frameworks */,
				F41884131CAE7F21005F562F /* Resources */,
			);
			buildRules = (
			);
			dependencies = (
			);
			name = Boilerplate;
			productName = Boilerplate;
			productReference = F41884151CAE7F21005F562F /* Boilerplate.app */;
			productType = "com.apple.product-type.application";
		};
/* End PBXNativeTarget section */

/* Begin PBXProject section */
		F418840D1CAE7F20005F562F /* Project object */ = {
			isa = PBXProject;
			attributes = {
				LastUpgradeCheck = 0720;
				ORGANIZATIONNAME = Agatsa;
				TargetAttributes = {
					F41884141CAE7F21005F562F = {
						CreatedOnToolsVersion = 7.2;
					};
				};
			};
			buildConfigurationList = F41884101CAE7F20005F562F /* Build configuration list for PBXProject "Boilerplate" */;
			compatibilityVersion = "Xcode 3.2";
			developmentRegion = English;
			hasScannedForEncodings = 0;
			knownRegions = (
				en,
				Base,
			);
			mainGroup = F418840C1CAE7F20005F562F;
			productRefGroup = F41884161CAE7F21005F562F /* Products */;
			projectDirPath = "";
			projectRoot = "";
			targets = (
				F41884141CAE7F21005F562F /* Boilerplate */,
			);
		};
/* End PBXProject section */

/* Begin PBXResourcesBuildPhase section */
		F41884131CAE7F21005F562F /* Resources */ = {
			isa = PBXResourcesBuildPhase;
			buildActionMask = 2147483647;
			files = (
				F47A3BF31D27BEB700DB2C7A /* icon-error.png in Resources */,
				F47A3BF81D27BEB700DB2C7A /* icon-success@2x.png in Resources */,
				F47A3BFA1D27BEBF00DB2C7A /* LICENSE-TWBarManager in Resources */,
				F41884391CAE8098005F562F /* Default@2x.png in Resources */,
				F47A3BE81D27BE5700DB2C7A /* LICENSE_DZN in Resources */,
				F4E500141D59EF9D00735517 /* Sun@2x.png in Resources */,
				F47A3BF61D27BEB700DB2C7A /* icon-info@2x.png in Resources */,
				19ED941E1D75904E002F0A55 /* restaurant.jpeg in Resources */,
				F47A3BF71D27BEB700DB2C7A /* icon-success.png in Resources */,
				F4E500121D59EC6700735517 /* Storm3@2x.png in Resources */,
				F4DFFDE71D4B463F00DB6244 /* LICENSE_AFNetworking in Resources */,
				F47A3BF51D27BEB700DB2C7A /* icon-info.png in Resources */,
				F41884251CAE7F21005F562F /* Assets.xcassets in Resources */,
				19ED941C1D758ABF002F0A55 /* StarshipHeader.xib in Resources */,
				F4E5000C1D59E82A00735517 /* Storm@2x.png in Resources */,
				F47A3BF41D27BEB700DB2C7A /* icon-error@2x.png in Resources */,
				F41884361CAE8097005F562F /* Default-667h@2x.png in Resources */,
				191788D61D783FCC00A00635 /* AJCDatabase.sqlite in Resources */,
				F47A3BE21D27BDCE00DB2C7A /* LICENSE in Resources */,
				19EB85971D7442FF004EAC7F /* LICENSE-MXParallaxHeader in Resources */,
				F47A3C2A1D27BF1500DB2C7A /* LICENCE.txt in Resources */,
				19ED94161D758690002F0A55 /* AJC_Campground.png in Resources */,
				F41884351CAE8097005F562F /* Default-568h@2x.png in Resources */,
				F4E5000E1D59EB0A00735517 /* Storm1@2x.png in Resources */,
				F4E500101D59EC0700735517 /* Storm2@2x.png in Resources */,
				19ED94171D758690002F0A55 /* AJC_Restaurant.png in Resources */,
				F41884371CAE8097005F562F /* Default-736h@3x.png in Resources */,
				F41884381CAE8097005F562F /* Default.png in Resources */,
			);
			runOnlyForDeploymentPostprocessing = 0;
		};
/* End PBXResourcesBuildPhase section */

/* Begin PBXSourcesBuildPhase section */
		F41884111CAE7F21005F562F /* Sources */ = {
			isa = PBXSourcesBuildPhase;
			buildActionMask = 2147483647;
			files = (
				F47A3C1D1D27BF0B00DB2C7A /* NSString+STTwitter.m in Sources */,
				192C32A11D703360002C25FD /* GIAPIClient.m in Sources */,
				F4DFFDDD1D4B461B00DB6244 /* AFAutoPurgingImageCache.m in Sources */,
				F47A3C1C1D27BF0B00DB2C7A /* NSError+STTwitter.m in Sources */,
				192C32B01D70C7B6002C25FD /* HotelProfileViewViewController.m in Sources */,
				F41884201CAE7F21005F562F /* ViewController.m in Sources */,
				F47A3C281D27BF0B00DB2C7A /* STHTTPRequest.m in Sources */,
				F4B708881D4883C9006D7B86 /* EmptyScreenViewController.m in Sources */,
				F47A3BC81D27B87600DB2C7A /* POPAnimationRuntime.mm in Sources */,
				19EB85951D7442EA004EAC7F /* MXScrollViewController.m in Sources */,
				19FD82BE1D7D5AF1009A1149 /* TopBarView.m in Sources */,
				F47A3BD41D27B87600DB2C7A /* POPVector.mm in Sources */,
				F4DFFDC51D4B45EC00DB6244 /* AFURLRequestSerialization.m in Sources */,
				F47A3C201D27BF0B00DB2C7A /* STTwitterAppOnly.m in Sources */,
				F4DFFDEA1D4B531100DB6244 /* BookingViewController.m in Sources */,
				F47A3BC51D27B87600DB2C7A /* POPAnimation.mm in Sources */,
				F47A3BC91D27B87600DB2C7A /* POPAnimationTracer.mm in Sources */,
				F4DFFDC31D4B45EC00DB6244 /* AFNetworkReachabilityManager.m in Sources */,
				F4DFFDC41D4B45EC00DB6244 /* AFSecurityPolicy.m in Sources */,
				F4DFFDE41D4B461B00DB6244 /* UIRefreshControl+AFNetworking.m in Sources */,
				F418841D1CAE7F21005F562F /* AppDelegate.m in Sources */,
				191788D41D783FBB00A00635 /* DatabaseClient.m in Sources */,
				F47A3C221D27BF0B00DB2C7A /* STTwitterOAuth.m in Sources */,
				F47A3BCF1D27B87600DB2C7A /* POPGeometry.mm in Sources */,
				F4DFFDE11D4B461B00DB6244 /* UIButton+AFNetworking.m in Sources */,
				F47A3C261D27BF0B00DB2C7A /* BAVPlistNode.m in Sources */,
				F47A3BD91D27B88100DB2C7A /* TransformationMatrix.cpp in Sources */,
				192C32A81D703A43002C25FD /* HotelRating.m in Sources */,
				F4DFFDDF1D4B461B00DB6244 /* AFNetworkActivityIndicatorManager.m in Sources */,
				F4DFFDE31D4B461B00DB6244 /* UIProgressView+AFNetworking.m in Sources */,
				F47A3C271D27BF0B00DB2C7A /* JSONSyntaxHighlight.m in Sources */,
				F4DFFDC61D4B45EC00DB6244 /* AFURLResponseSerialization.m in Sources */,
				F47A3BC71D27B87600DB2C7A /* POPAnimationExtras.mm in Sources */,
				F47A3BC61D27B87600DB2C7A /* POPAnimationEvent.mm in Sources */,
				192C32BC1D719401002C25FD /* HotelProfileView.m in Sources */,
				19EB859A1D74433D004EAC7F /* HotelProfileViewController.m in Sources */,
				F4DFFDE51D4B461B00DB6244 /* UIWebView+AFNetworking.m in Sources */,
				F4DFFDDE1D4B461B00DB6244 /* AFImageDownloader.m in Sources */,
				F4AAD8501D589DE100442221 /* DashBoardViewController.m in Sources */,
				F47A3BC41D27B87600DB2C7A /* POPAnimatableProperty.mm in Sources */,
				F4DFFDE21D4B461B00DB6244 /* UIImageView+AFNetworking.m in Sources */,
				F4DFFDE01D4B461B00DB6244 /* UIActivityIndicatorView+AFNetworking.m in Sources */,
				F47A3C1F1D27BF0B00DB2C7A /* STTwitterAPI.m in Sources */,
				F47A3BEC1D27BEB100DB2C7A /* TWMessageBarManager.m in Sources */,
				F47A3C1E1D27BF0B00DB2C7A /* STHTTPRequest+STTwitter.m in Sources */,
				F47A3BCA1D27B87600DB2C7A /* POPAnimator.mm in Sources */,
				F47A3BCE1D27B87600DB2C7A /* POPDecayAnimation.mm in Sources */,
				F47A3C1B1D27BF0B00DB2C7A /* NSDateFormatter+STTwitter.m in Sources */,
				F47A3BD31D27B87600DB2C7A /* POPSpringAnimation.mm in Sources */,
				F4AAD8571D59BC3600442221 /* AJCWeatherView.m in Sources */,
				F47A3BD21D27B87600DB2C7A /* POPPropertyAnimation.mm in Sources */,
				F47A3BCB1D27B87600DB2C7A /* POPBasicAnimation.mm in Sources */,
				F47A3BD01D27B87600DB2C7A /* POPLayerExtras.mm in Sources */,
				F418841A1CAE7F21005F562F /* main.m in Sources */,
				F47A3C211D27BF0B00DB2C7A /* STTwitterHTML.m in Sources */,
				F47A3C241D27BF0B00DB2C7A /* STTwitterOSRequest.m in Sources */,
				F47A3BCC1D27B87600DB2C7A /* POPCGUtils.mm in Sources */,
				F47A3C251D27BF0B00DB2C7A /* STTwitterStreamParser.m in Sources */,
				192C32AB1D703A53002C25FD /* HotelReview.m in Sources */,
				F4DFFDC21D4B45EC00DB6244 /* AFHTTPSessionManager.m in Sources */,
				F4AAD8541D589EA700442221 /* AJCDashboardView.m in Sources */,
				F47A3BDF1D27BDC500DB2C7A /* SSKeychain.m in Sources */,
				F47A3BD11D27B87600DB2C7A /* POPMath.mm in Sources */,
				F47A3BCD1D27B87600DB2C7A /* POPCustomAnimation.mm in Sources */,
				F47A3BE61D27BE3F00DB2C7A /* UIScrollView+EmptyDataSet.m in Sources */,
				19EB85931D7442EA004EAC7F /* MXParallaxHeader.m in Sources */,
				F47A3C231D27BF0B00DB2C7A /* STTwitterOS.m in Sources */,
				F47A3BE01D27BDC500DB2C7A /* SSKeychainQuery.m in Sources */,
				19EB85941D7442EA004EAC7F /* MXScrollView.m in Sources */,
				192C32A41D7037D6002C25FD /* HotelProfile.m in Sources */,
				F4DFFDC71D4B45EC00DB6244 /* AFURLSessionManager.m in Sources */,
				192C32B51D70C959002C25FD /* HotelAccommodation.m in Sources */,
			);
			runOnlyForDeploymentPostprocessing = 0;
		};
/* End PBXSourcesBuildPhase section */

/* Begin XCBuildConfiguration section */
		F418842A1CAE7F21005F562F /* Debug */ = {
			isa = XCBuildConfiguration;
			buildSettings = {
				ALWAYS_SEARCH_USER_PATHS = NO;
				CLANG_CXX_LANGUAGE_STANDARD = "gnu++0x";
				CLANG_CXX_LIBRARY = "libc++";
				CLANG_ENABLE_MODULES = YES;
				CLANG_ENABLE_OBJC_ARC = YES;
				CLANG_WARN_BOOL_CONVERSION = YES;
				CLANG_WARN_CONSTANT_CONVERSION = YES;
				CLANG_WARN_DIRECT_OBJC_ISA_USAGE = YES_ERROR;
				CLANG_WARN_EMPTY_BODY = YES;
				CLANG_WARN_ENUM_CONVERSION = YES;
				CLANG_WARN_INT_CONVERSION = YES;
				CLANG_WARN_OBJC_ROOT_CLASS = YES_ERROR;
				CLANG_WARN_UNREACHABLE_CODE = YES;
				CLANG_WARN__DUPLICATE_METHOD_MATCH = YES;
				"CODE_SIGN_IDENTITY[sdk=iphoneos*]" = "iPhone Developer";
				COPY_PHASE_STRIP = NO;
				DEBUG_INFORMATION_FORMAT = dwarf;
				ENABLE_STRICT_OBJC_MSGSEND = YES;
				ENABLE_TESTABILITY = YES;
				GCC_C_LANGUAGE_STANDARD = gnu99;
				GCC_DYNAMIC_NO_PIC = NO;
				GCC_NO_COMMON_BLOCKS = YES;
				GCC_OPTIMIZATION_LEVEL = 0;
				GCC_PREPROCESSOR_DEFINITIONS = (
					"DEBUG=1",
					"$(inherited)",
				);
				GCC_WARN_64_TO_32_BIT_CONVERSION = YES;
				GCC_WARN_ABOUT_RETURN_TYPE = YES_ERROR;
				GCC_WARN_UNDECLARED_SELECTOR = YES;
				GCC_WARN_UNINITIALIZED_AUTOS = YES_AGGRESSIVE;
				GCC_WARN_UNUSED_FUNCTION = YES;
				GCC_WARN_UNUSED_VARIABLE = YES;
				IPHONEOS_DEPLOYMENT_TARGET = 9.2;
				MTL_ENABLE_DEBUG_INFO = YES;
				ONLY_ACTIVE_ARCH = YES;
				SDKROOT = iphoneos;
			};
			name = Debug;
		};
		F418842B1CAE7F21005F562F /* Release */ = {
			isa = XCBuildConfiguration;
			buildSettings = {
				ALWAYS_SEARCH_USER_PATHS = NO;
				CLANG_CXX_LANGUAGE_STANDARD = "gnu++0x";
				CLANG_CXX_LIBRARY = "libc++";
				CLANG_ENABLE_MODULES = YES;
				CLANG_ENABLE_OBJC_ARC = YES;
				CLANG_WARN_BOOL_CONVERSION = YES;
				CLANG_WARN_CONSTANT_CONVERSION = YES;
				CLANG_WARN_DIRECT_OBJC_ISA_USAGE = YES_ERROR;
				CLANG_WARN_EMPTY_BODY = YES;
				CLANG_WARN_ENUM_CONVERSION = YES;
				CLANG_WARN_INT_CONVERSION = YES;
				CLANG_WARN_OBJC_ROOT_CLASS = YES_ERROR;
				CLANG_WARN_UNREACHABLE_CODE = YES;
				CLANG_WARN__DUPLICATE_METHOD_MATCH = YES;
				"CODE_SIGN_IDENTITY[sdk=iphoneos*]" = "iPhone Developer";
				COPY_PHASE_STRIP = NO;
				DEBUG_INFORMATION_FORMAT = "dwarf-with-dsym";
				ENABLE_NS_ASSERTIONS = NO;
				ENABLE_STRICT_OBJC_MSGSEND = YES;
				GCC_C_LANGUAGE_STANDARD = gnu99;
				GCC_NO_COMMON_BLOCKS = YES;
				GCC_WARN_64_TO_32_BIT_CONVERSION = YES;
				GCC_WARN_ABOUT_RETURN_TYPE = YES_ERROR;
				GCC_WARN_UNDECLARED_SELECTOR = YES;
				GCC_WARN_UNINITIALIZED_AUTOS = YES_AGGRESSIVE;
				GCC_WARN_UNUSED_FUNCTION = YES;
				GCC_WARN_UNUSED_VARIABLE = YES;
				IPHONEOS_DEPLOYMENT_TARGET = 9.2;
				MTL_ENABLE_DEBUG_INFO = NO;
				SDKROOT = iphoneos;
				VALIDATE_PRODUCT = YES;
			};
			name = Release;
		};
		F418842D1CAE7F21005F562F /* Debug */ = {
			isa = XCBuildConfiguration;
			buildSettings = {
				ASSETCATALOG_COMPILER_APPICON_NAME = AppIcon;
				INFOPLIST_FILE = Boilerplate/Info.plist;
				IPHONEOS_DEPLOYMENT_TARGET = 8.0;
				LD_RUNPATH_SEARCH_PATHS = "$(inherited) @executable_path/Frameworks";
				PRODUCT_BUNDLE_IDENTIFIER = com.agatsa.app.Boilerplate;
				PRODUCT_NAME = "$(TARGET_NAME)";
			};
			name = Debug;
		};
		F418842E1CAE7F21005F562F /* Release */ = {
			isa = XCBuildConfiguration;
			buildSettings = {
				ASSETCATALOG_COMPILER_APPICON_NAME = AppIcon;
				INFOPLIST_FILE = Boilerplate/Info.plist;
				IPHONEOS_DEPLOYMENT_TARGET = 8.0;
				LD_RUNPATH_SEARCH_PATHS = "$(inherited) @executable_path/Frameworks";
				PRODUCT_BUNDLE_IDENTIFIER = com.agatsa.app.Boilerplate;
				PRODUCT_NAME = "$(TARGET_NAME)";
			};
			name = Release;
		};
/* End XCBuildConfiguration section */

/* Begin XCConfigurationList section */
		F41884101CAE7F20005F562F /* Build configuration list for PBXProject "Boilerplate" */ = {
			isa = XCConfigurationList;
			buildConfigurations = (
				F418842A1CAE7F21005F562F /* Debug */,
				F418842B1CAE7F21005F562F /* Release */,
			);
			defaultConfigurationIsVisible = 0;
			defaultConfigurationName = Release;
		};
		F418842C1CAE7F21005F562F /* Build configuration list for PBXNativeTarget "Boilerplate" */ = {
			isa = XCConfigurationList;
			buildConfigurations = (
				F418842D1CAE7F21005F562F /* Debug */,
				F418842E1CAE7F21005F562F /* Release */,
			);
			defaultConfigurationIsVisible = 0;
			defaultConfigurationName = Release;
		};
/* End XCConfigurationList section */
	};
	rootObject = F418840D1CAE7F20005F562F /* Project object */;
}
